// !$*UTF8*$!
{
	archiveVersion = 1;
	classes = {
	};
	objectVersion = 55;
	objects = {

/* Begin PBXBuildFile section */
		3714E1FD29099D7600EC08C0 /* JSONParameterEncoder.swift in Sources */ = {isa = PBXBuildFile; fileRef = 3714E1FC29099D7600EC08C0 /* JSONParameterEncoder.swift */; };
		3714E1FF29099D9E00EC08C0 /* ParameterEncoding.swift in Sources */ = {isa = PBXBuildFile; fileRef = 3714E1FE29099D9E00EC08C0 /* ParameterEncoding.swift */; };
		3714E20129099DBC00EC08C0 /* URLParameterEncoder.swift in Sources */ = {isa = PBXBuildFile; fileRef = 3714E20029099DBC00EC08C0 /* URLParameterEncoder.swift */; };
		3714E20429099DF000EC08C0 /* CategoriesEndpoint.swift in Sources */ = {isa = PBXBuildFile; fileRef = 3714E20329099DF000EC08C0 /* CategoriesEndpoint.swift */; };
		3714E20629099E1800EC08C0 /* HomeEndpoint.swift in Sources */ = {isa = PBXBuildFile; fileRef = 3714E20529099E1800EC08C0 /* HomeEndpoint.swift */; };
		3714E20929099E4D00EC08C0 /* NetworkManager.swift in Sources */ = {isa = PBXBuildFile; fileRef = 3714E20829099E4D00EC08C0 /* NetworkManager.swift */; };
		3714E20E29099EBB00EC08C0 /* EndpointType.swift in Sources */ = {isa = PBXBuildFile; fileRef = 3714E20D29099EBB00EC08C0 /* EndpointType.swift */; };
		3714E21029099ED900EC08C0 /* HTTPMethod.swift in Sources */ = {isa = PBXBuildFile; fileRef = 3714E20F29099ED900EC08C0 /* HTTPMethod.swift */; };
		3714E21229099EED00EC08C0 /* HTTPTask.swift in Sources */ = {isa = PBXBuildFile; fileRef = 3714E21129099EED00EC08C0 /* HTTPTask.swift */; };
		3714E21429099F0200EC08C0 /* NetworkEnvironment.swift in Sources */ = {isa = PBXBuildFile; fileRef = 3714E21329099F0200EC08C0 /* NetworkEnvironment.swift */; };
		3714E21629099F1800EC08C0 /* NetworkLogger.swift in Sources */ = {isa = PBXBuildFile; fileRef = 3714E21529099F1800EC08C0 /* NetworkLogger.swift */; };
		3714E21829099F3300EC08C0 /* Router.swift in Sources */ = {isa = PBXBuildFile; fileRef = 3714E21729099F3300EC08C0 /* Router.swift */; };
		3714E21A29099F5500EC08C0 /* AFRouter.swift in Sources */ = {isa = PBXBuildFile; fileRef = 3714E21929099F5500EC08C0 /* AFRouter.swift */; };
		373754F528C3F02B0060EF13 /* LineNavigationView.swift in Sources */ = {isa = PBXBuildFile; fileRef = 373754F428C3F02B0060EF13 /* LineNavigationView.swift */; };
		3740F95F28EC992700D0AC3F /* BaseViewTable.swift in Sources */ = {isa = PBXBuildFile; fileRef = 3740F95E28EC992700D0AC3F /* BaseViewTable.swift */; };
		3740F96528EC9E8E00D0AC3F /* AddProductCoordinator.swift in Sources */ = {isa = PBXBuildFile; fileRef = 3740F96128EC9E8E00D0AC3F /* AddProductCoordinator.swift */; };
		3740F96628EC9E8E00D0AC3F /* AddProductViewController.swift in Sources */ = {isa = PBXBuildFile; fileRef = 3740F96228EC9E8E00D0AC3F /* AddProductViewController.swift */; };
		3740F96728EC9E8E00D0AC3F /* AddProductView.swift in Sources */ = {isa = PBXBuildFile; fileRef = 3740F96328EC9E8E00D0AC3F /* AddProductView.swift */; };
		3740F96828EC9E8E00D0AC3F /* AddProductViewModel.swift in Sources */ = {isa = PBXBuildFile; fileRef = 3740F96428EC9E8E00D0AC3F /* AddProductViewModel.swift */; };
		3740F96A28ECA79600D0AC3F /* SelectorCell.swift in Sources */ = {isa = PBXBuildFile; fileRef = 3740F96928ECA79600D0AC3F /* SelectorCell.swift */; };
		374A0E6B28EDDAC000D2D396 /* CarouselPhotosCell.swift in Sources */ = {isa = PBXBuildFile; fileRef = 374A0E6A28EDDAC000D2D396 /* CarouselPhotosCell.swift */; };
		374A0E6D28EDDCDC00D2D396 /* AddPhotoCell.swift in Sources */ = {isa = PBXBuildFile; fileRef = 374A0E6C28EDDCDC00D2D396 /* AddPhotoCell.swift */; };
		374A0E6F28EDDCF000D2D396 /* PhotoCell.swift in Sources */ = {isa = PBXBuildFile; fileRef = 374A0E6E28EDDCF000D2D396 /* PhotoCell.swift */; };
		374A0E7128EDE16600D2D396 /* UICollectionViewCell+Extensios.swift in Sources */ = {isa = PBXBuildFile; fileRef = 374A0E7028EDE16600D2D396 /* UICollectionViewCell+Extensios.swift */; };
		37542B5828E4E35F000C8791 /* Strings.swift in Sources */ = {isa = PBXBuildFile; fileRef = 37542B5728E4E35F000C8791 /* Strings.swift */; };
		37542B5B28E4E3D6000C8791 /* Localizable.strings in Resources */ = {isa = PBXBuildFile; fileRef = 37542B5928E4E3D6000C8791 /* Localizable.strings */; };
		375DD4B4290D63480058C05B /* AuthEndpoint.swift in Sources */ = {isa = PBXBuildFile; fileRef = 375DD4B3290D63480058C05B /* AuthEndpoint.swift */; };
		375DD4B6290D63840058C05B /* ProductsEndpoint.swift in Sources */ = {isa = PBXBuildFile; fileRef = 375DD4B5290D63840058C05B /* ProductsEndpoint.swift */; };
		375DD4B8290D63F50058C05B /* PreferencesSellViewModel.swift in Sources */ = {isa = PBXBuildFile; fileRef = 375DD4B7290D63F50058C05B /* PreferencesSellViewModel.swift */; };
		376BABDC291438D500FD54D7 /* ProductDetailViewModel.swift in Sources */ = {isa = PBXBuildFile; fileRef = 376BABDB291438D500FD54D7 /* ProductDetailViewModel.swift */; };
		376BABDE291440DA00FD54D7 /* ProductDetailCoodinator.swift in Sources */ = {isa = PBXBuildFile; fileRef = 376BABDD291440DA00FD54D7 /* ProductDetailCoodinator.swift */; };
		376BAD1F291555F200FD54D7 /* FavoriteButton.swift in Sources */ = {isa = PBXBuildFile; fileRef = 376BAD1E291555F200FD54D7 /* FavoriteButton.swift */; };
		377D35A428DA5A2C007BEA76 /* UITableViewCell+Extensions.swift in Sources */ = {isa = PBXBuildFile; fileRef = 377D35A328DA5A2C007BEA76 /* UITableViewCell+Extensions.swift */; };
		37852F5128CCE1EE00DD2425 /* SearchBar.swift in Sources */ = {isa = PBXBuildFile; fileRef = 37852F5028CCE1EE00DD2425 /* SearchBar.swift */; };
		37852F5328CCE24A00DD2425 /* SegmentedBar.swift in Sources */ = {isa = PBXBuildFile; fileRef = 37852F5228CCE24A00DD2425 /* SegmentedBar.swift */; };
		37852F5528CCE6AE00DD2425 /* UIImage+Extensions.swift in Sources */ = {isa = PBXBuildFile; fileRef = 37852F5428CCE6AE00DD2425 /* UIImage+Extensions.swift */; };
		3789949E28E361A900605063 /* MartStrings.swift in Sources */ = {isa = PBXBuildFile; fileRef = 3789949D28E361A900605063 /* MartStrings.swift */; };
		378994A028E362F000605063 /* BundleFinder.swift in Sources */ = {isa = PBXBuildFile; fileRef = 3789949F28E362F000605063 /* BundleFinder.swift */; };
		378CA00F28EF37EB003DE99F /* LoginViewTests.swift in Sources */ = {isa = PBXBuildFile; fileRef = 378CA00E28EF37EB003DE99F /* LoginViewTests.swift */; };
		378CA01128EF3FCC003DE99F /* SimpleTextViewCell.swift in Sources */ = {isa = PBXBuildFile; fileRef = 378CA01028EF3FCC003DE99F /* SimpleTextViewCell.swift */; };
		378CD49028ECA8A30047EE21 /* RightIconTextField.swift in Sources */ = {isa = PBXBuildFile; fileRef = 378CD48F28ECA8A30047EE21 /* RightIconTextField.swift */; };
		378CD49228ECA91E0047EE21 /* UITextField+Extensions.swift in Sources */ = {isa = PBXBuildFile; fileRef = 378CD49128ECA91E0047EE21 /* UITextField+Extensions.swift */; };
		378CD49428ECA9620047EE21 /* UIPickerView.swift in Sources */ = {isa = PBXBuildFile; fileRef = 378CD49328ECA9620047EE21 /* UIPickerView.swift */; };
		378D30AD28D93C7400E021A8 /* EditProfile.swift in Sources */ = {isa = PBXBuildFile; fileRef = 378D30AC28D93C7400E021A8 /* EditProfile.swift */; };
		378DC46128C6888800461CBD /* ProductModel.swift in Sources */ = {isa = PBXBuildFile; fileRef = 378DC46028C6888800461CBD /* ProductModel.swift */; };
		378FE4CF28B123D20058B5F2 /* ViewCodable.swift in Sources */ = {isa = PBXBuildFile; fileRef = 378FE4CE28B123D20058B5F2 /* ViewCodable.swift */; };
		378FE4D128B1257B0058B5F2 /* UIView+Extensions.swift in Sources */ = {isa = PBXBuildFile; fileRef = 378FE4D028B1257B0058B5F2 /* UIView+Extensions.swift */; };
		378FE4D328B125A50058B5F2 /* UIStackView+Extensions.swift in Sources */ = {isa = PBXBuildFile; fileRef = 378FE4D228B125A50058B5F2 /* UIStackView+Extensions.swift */; };
		37939A7728C6839E0077CF88 /* UIButton.Configuration+Extensions.swift in Sources */ = {isa = PBXBuildFile; fileRef = 37939A7628C6839D0077CF88 /* UIButton.Configuration+Extensions.swift */; };
		3798D68428BAB7E000887BC6 /* HomeCoordinator.swift in Sources */ = {isa = PBXBuildFile; fileRef = 3798D68028BAB7E000887BC6 /* HomeCoordinator.swift */; };
		3798D68528BAB7E000887BC6 /* HomeViewController.swift in Sources */ = {isa = PBXBuildFile; fileRef = 3798D68128BAB7E000887BC6 /* HomeViewController.swift */; };
		3798D68728BAB7E000887BC6 /* HomeViewModel.swift in Sources */ = {isa = PBXBuildFile; fileRef = 3798D68328BAB7E000887BC6 /* HomeViewModel.swift */; };
		379A1CC828B27E920090E451 /* UIColor+Extensions.swift in Sources */ = {isa = PBXBuildFile; fileRef = 379A1CC728B27E920090E451 /* UIColor+Extensions.swift */; };
		379F4E7128E21F7000C703A4 /* ButtonCell.swift in Sources */ = {isa = PBXBuildFile; fileRef = 379F4E7028E21F7000C703A4 /* ButtonCell.swift */; };
		37A07ADF28D12694006295FB /* HomeCollectionView.swift in Sources */ = {isa = PBXBuildFile; fileRef = 37A07ADE28D12694006295FB /* HomeCollectionView.swift */; };
		37A12C6228C7812C00E12950 /* DefaultViewController.swift in Sources */ = {isa = PBXBuildFile; fileRef = 37A12C6128C7812C00E12950 /* DefaultViewController.swift */; };
		37A9C7D828CFBE5F0036FE76 /* HomeView.swift in Sources */ = {isa = PBXBuildFile; fileRef = 37A9C7D428CFBE5E0036FE76 /* HomeView.swift */; };
		37AEB5EE28BA6B8000987F56 /* UIButtonPreferences.swift in Sources */ = {isa = PBXBuildFile; fileRef = 37AEB5ED28BA6B8000987F56 /* UIButtonPreferences.swift */; };
		37AF8DD328E87EB800AD5693 /* EntryPointFactory.swift in Sources */ = {isa = PBXBuildFile; fileRef = 37AF8DD228E87EB800AD5693 /* EntryPointFactory.swift */; };
		37AF8DD528E87EF500AD5693 /* CompositeEntryPoint.swift in Sources */ = {isa = PBXBuildFile; fileRef = 37AF8DD428E87EF500AD5693 /* CompositeEntryPoint.swift */; };
		37AF8DD728E87F9E00AD5693 /* FirebaseConfiguratorEntryPoint.swift in Sources */ = {isa = PBXBuildFile; fileRef = 37AF8DD628E87F9E00AD5693 /* FirebaseConfiguratorEntryPoint.swift */; };
		37AF8DD928E8814100AD5693 /* StartupConfiguratorEntryPoint.swift in Sources */ = {isa = PBXBuildFile; fileRef = 37AF8DD828E8814100AD5693 /* StartupConfiguratorEntryPoint.swift */; };
		37AF8DDB28E881EE00AD5693 /* ApplicationCoordinator.swift in Sources */ = {isa = PBXBuildFile; fileRef = 37AF8DDA28E881EE00AD5693 /* ApplicationCoordinator.swift */; };
		37B2C28528EE5E4400E8F6B4 /* BaseTests.swift in Sources */ = {isa = PBXBuildFile; fileRef = 37B2C28428EE5E4400E8F6B4 /* BaseTests.swift */; };
		37B2C28D28EE5F1500E8F6B4 /* UIButtonPreferencesTests.swift in Sources */ = {isa = PBXBuildFile; fileRef = 37B2C28C28EE5F1500E8F6B4 /* UIButtonPreferencesTests.swift */; };
		37B2C28F28EE634200E8F6B4 /* SegmentedBarTests.swift in Sources */ = {isa = PBXBuildFile; fileRef = 37B2C28E28EE634200E8F6B4 /* SegmentedBarTests.swift */; };
		37B2C29228EE652C00E8F6B4 /* ButtonCellTests.swift in Sources */ = {isa = PBXBuildFile; fileRef = 37B2C29128EE652C00E8F6B4 /* ButtonCellTests.swift */; };
		37B2C29528EE671800E8F6B4 /* Mirror+Extensions.swift in Sources */ = {isa = PBXBuildFile; fileRef = 37B2C29428EE671800E8F6B4 /* Mirror+Extensions.swift */; };
		37B2C29728EE693300E8F6B4 /* ButtonCellSpy.swift in Sources */ = {isa = PBXBuildFile; fileRef = 37B2C29628EE693300E8F6B4 /* ButtonCellSpy.swift */; };
		37B2C29B28EE6E4800E8F6B4 /* LoginViewController.swift in Sources */ = {isa = PBXBuildFile; fileRef = 37B2C29A28EE6E4800E8F6B4 /* LoginViewController.swift */; };
		37B2C29E28EE6EBC00E8F6B4 /* LoginCoordinatorMock.swift in Sources */ = {isa = PBXBuildFile; fileRef = 37B2C29D28EE6EBC00E8F6B4 /* LoginCoordinatorMock.swift */; };
		37B3682328D9FB9C0044ED58 /* HeaderView.swift in Sources */ = {isa = PBXBuildFile; fileRef = 37B3682228D9FB9C0044ED58 /* HeaderView.swift */; };
		37B466D228C3ECDF006C18D8 /* CheckoutCoordinator.swift in Sources */ = {isa = PBXBuildFile; fileRef = 37B466CE28C3ECDF006C18D8 /* CheckoutCoordinator.swift */; };
		37B466D328C3ECDF006C18D8 /* CheckoutViewController.swift in Sources */ = {isa = PBXBuildFile; fileRef = 37B466CF28C3ECDF006C18D8 /* CheckoutViewController.swift */; };
		37B466D428C3ECDF006C18D8 /* CheckoutView.swift in Sources */ = {isa = PBXBuildFile; fileRef = 37B466D028C3ECDF006C18D8 /* CheckoutView.swift */; };
		37B466D528C3ECDF006C18D8 /* CheckoutViewModel.swift in Sources */ = {isa = PBXBuildFile; fileRef = 37B466D128C3ECDF006C18D8 /* CheckoutViewModel.swift */; };
		37B7C13628D8DFB7003ADDBC /* InfoGroupView.swift in Sources */ = {isa = PBXBuildFile; fileRef = 37B7C13528D8DFB7003ADDBC /* InfoGroupView.swift */; };
		37B7C13828D8E61B003ADDBC /* LabelValueView.swift in Sources */ = {isa = PBXBuildFile; fileRef = 37B7C13728D8E61B003ADDBC /* LabelValueView.swift */; };
		37B9C30228B5492F00134380 /* PreferencesSellViewController.swift in Sources */ = {isa = PBXBuildFile; fileRef = 37B9C30128B5492F00134380 /* PreferencesSellViewController.swift */; };
		37B9C30428B54ABD00134380 /* PreferencesSellView.swift in Sources */ = {isa = PBXBuildFile; fileRef = 37B9C30328B54ABD00134380 /* PreferencesSellView.swift */; };
		37B9C30628B54B4D00134380 /* PreferencesSellCoordinator.swift in Sources */ = {isa = PBXBuildFile; fileRef = 37B9C30528B54B4D00134380 /* PreferencesSellCoordinator.swift */; };
		37B9C30828B54D7100134380 /* LoginCoordinator.swift in Sources */ = {isa = PBXBuildFile; fileRef = 37B9C30728B54D7100134380 /* LoginCoordinator.swift */; };
		37BF25DC28B1349E00E0066A /* LoginView.swift in Sources */ = {isa = PBXBuildFile; fileRef = 37BF25DB28B1349E00E0066A /* LoginView.swift */; };
		37C3B37F28CF780500CFA1EE /* HomeCollectionCell.swift in Sources */ = {isa = PBXBuildFile; fileRef = 37C3B37E28CF780500CFA1EE /* HomeCollectionCell.swift */; };
		37C3B38128CF7D4000CFA1EE /* UIImageView+Extensions.swift in Sources */ = {isa = PBXBuildFile; fileRef = 37C3B38028CF7D3F00CFA1EE /* UIImageView+Extensions.swift */; };
		37CDAC4D290F304B0052C71F /* RouterTests.swift in Sources */ = {isa = PBXBuildFile; fileRef = 37CDAC4C290F304B0052C71F /* RouterTests.swift */; };
		37CDAC50290F30C00052C71F /* CategoriesJsonData.swift in Sources */ = {isa = PBXBuildFile; fileRef = 37CDAC4F290F30C00052C71F /* CategoriesJsonData.swift */; };
		37CDAC55290F31050052C71F /* NetworkManagerTests.swift in Sources */ = {isa = PBXBuildFile; fileRef = 37CDAC54290F31050052C71F /* NetworkManagerTests.swift */; };
		37CDAC58290F31950052C71F /* CategoriesEndpointTests.swift in Sources */ = {isa = PBXBuildFile; fileRef = 37CDAC57290F31950052C71F /* CategoriesEndpointTests.swift */; };
		37CDAC5A290F31D90052C71F /* ParameterEncodingTests.swift in Sources */ = {isa = PBXBuildFile; fileRef = 37CDAC59290F31D90052C71F /* ParameterEncodingTests.swift */; };
		37CDAC5D290F33220052C71F /* URLSessionDataTaskSpy.swift in Sources */ = {isa = PBXBuildFile; fileRef = 37CDAC5C290F33220052C71F /* URLSessionDataTaskSpy.swift */; };
		37CDAC5F290F33530052C71F /* URLSessionMock.swift in Sources */ = {isa = PBXBuildFile; fileRef = 37CDAC5E290F33530052C71F /* URLSessionMock.swift */; };
		37CDAC61290F33810052C71F /* NetworkRouterMock.swift in Sources */ = {isa = PBXBuildFile; fileRef = 37CDAC60290F33810052C71F /* NetworkRouterMock.swift */; };
		37CDAD942910668E0052C71F /* ProductDetailViewController.swift in Sources */ = {isa = PBXBuildFile; fileRef = 37CDAD932910668E0052C71F /* ProductDetailViewController.swift */; };
		37CDAD96291066B70052C71F /* ProductDetailView.swift in Sources */ = {isa = PBXBuildFile; fileRef = 37CDAD95291066B70052C71F /* ProductDetailView.swift */; };
		37CDAD98291068FC0052C71F /* SellerView.swift in Sources */ = {isa = PBXBuildFile; fileRef = 37CDAD97291068FC0052C71F /* SellerView.swift */; };
		37CDAD9A291069780052C71F /* SimpleScrollView.swift in Sources */ = {isa = PBXBuildFile; fileRef = 37CDAD99291069780052C71F /* SimpleScrollView.swift */; };
		37CE7FF128D91804009F04CC /* GrowButton.swift in Sources */ = {isa = PBXBuildFile; fileRef = 37CE7FF028D91804009F04CC /* GrowButton.swift */; };
		37D5C56B28E1D6D800385B06 /* SimpleTextfieldCell.swift in Sources */ = {isa = PBXBuildFile; fileRef = 37D5C56A28E1D6D800385B06 /* SimpleTextfieldCell.swift */; };
		37D5C56D28E1D74400385B06 /* DoubleCustomTextFieldCell.swift in Sources */ = {isa = PBXBuildFile; fileRef = 37D5C56C28E1D74400385B06 /* DoubleCustomTextFieldCell.swift */; };
		37D5C56F28E1D80600385B06 /* CustomTextFieldCell.swift in Sources */ = {isa = PBXBuildFile; fileRef = 37D5C56E28E1D80600385B06 /* CustomTextFieldCell.swift */; };
		37DDAC5729142AAA004851D5 /* categories.json in Resources */ = {isa = PBXBuildFile; fileRef = 3714E20B29099E9100EC08C0 /* categories.json */; };
		37DDAC5829142AB0004851D5 /* product-detail.json in Resources */ = {isa = PBXBuildFile; fileRef = 37CDAEC9291195520052C71F /* product-detail.json */; };
		37DDAC5929142AB5004851D5 /* products.json in Resources */ = {isa = PBXBuildFile; fileRef = 37CDAEC82911951A0052C71F /* products.json */; };
		37DDF2D328B286B5003205DE /* Nunito-SemiBold.ttf in Resources */ = {isa = PBXBuildFile; fileRef = 37DDF2D228B286B5003205DE /* Nunito-SemiBold.ttf */; };
		37DDF2D528B286D1003205DE /* Nunito-ExtraBold.ttf in Resources */ = {isa = PBXBuildFile; fileRef = 37DDF2D428B286D1003205DE /* Nunito-ExtraBold.ttf */; };
		37DDF2D728B28707003205DE /* Nunito-Medium.ttf in Resources */ = {isa = PBXBuildFile; fileRef = 37DDF2D628B28707003205DE /* Nunito-Medium.ttf */; };
		37DDF2D928B28716003205DE /* Nunito-Regular.ttf in Resources */ = {isa = PBXBuildFile; fileRef = 37DDF2D828B28716003205DE /* Nunito-Regular.ttf */; };
		37DDF2DB28B28750003205DE /* Nunito-Bold.ttf in Resources */ = {isa = PBXBuildFile; fileRef = 37DDF2DA28B28750003205DE /* Nunito-Bold.ttf */; };
		37DDF2DD28B287DF003205DE /* UIFont.swift in Sources */ = {isa = PBXBuildFile; fileRef = 37DDF2DC28B287DF003205DE /* UIFont.swift */; };
		37E1009D28D8A7CA008E461F /* ProfileCoordinator.swift in Sources */ = {isa = PBXBuildFile; fileRef = 37E1009928D8A7CA008E461F /* ProfileCoordinator.swift */; };
		37E1009E28D8A7CA008E461F /* ProfileViewController.swift in Sources */ = {isa = PBXBuildFile; fileRef = 37E1009A28D8A7CA008E461F /* ProfileViewController.swift */; };
		37E1009F28D8A7CA008E461F /* ProfileView.swift in Sources */ = {isa = PBXBuildFile; fileRef = 37E1009B28D8A7CA008E461F /* ProfileView.swift */; };
		37E100A028D8A7CA008E461F /* ProfileViewModel.swift in Sources */ = {isa = PBXBuildFile; fileRef = 37E1009C28D8A7CA008E461F /* ProfileViewModel.swift */; };
		37E100A528D8A7D9008E461F /* EditProfileCoordinator.swift in Sources */ = {isa = PBXBuildFile; fileRef = 37E100A128D8A7D9008E461F /* EditProfileCoordinator.swift */; };
		37E100A628D8A7D9008E461F /* EditProfileViewController.swift in Sources */ = {isa = PBXBuildFile; fileRef = 37E100A228D8A7D9008E461F /* EditProfileViewController.swift */; };
		37E100A728D8A7D9008E461F /* EditProfileView.swift in Sources */ = {isa = PBXBuildFile; fileRef = 37E100A328D8A7D9008E461F /* EditProfileView.swift */; };
		37E100A828D8A7D9008E461F /* EditProfileViewModel.swift in Sources */ = {isa = PBXBuildFile; fileRef = 37E100A428D8A7D9008E461F /* EditProfileViewModel.swift */; };
		37EB508028B11CD100185E83 /* AppDelegate.swift in Sources */ = {isa = PBXBuildFile; fileRef = 37EB507F28B11CD100185E83 /* AppDelegate.swift */; };
		37EB508228B11CD100185E83 /* SceneDelegate.swift in Sources */ = {isa = PBXBuildFile; fileRef = 37EB508128B11CD100185E83 /* SceneDelegate.swift */; };
		37EB508428B11CD100185E83 /* LoginViewController.swift in Sources */ = {isa = PBXBuildFile; fileRef = 37EB508328B11CD100185E83 /* LoginViewController.swift */; };
		37EB508928B11CD100185E83 /* Assets.xcassets in Resources */ = {isa = PBXBuildFile; fileRef = 37EB508828B11CD100185E83 /* Assets.xcassets */; };
		37EB508C28B11CD100185E83 /* LaunchScreen.storyboard in Resources */ = {isa = PBXBuildFile; fileRef = 37EB508A28B11CD100185E83 /* LaunchScreen.storyboard */; };
		37F0D7E028C66A860018694A /* TableFooterView.swift in Sources */ = {isa = PBXBuildFile; fileRef = 37F0D7DF28C66A860018694A /* TableFooterView.swift */; };
		37F0D7E328C66BBF0018694A /* CheckoutTableViewCell.swift in Sources */ = {isa = PBXBuildFile; fileRef = 37F0D7E228C66BBF0018694A /* CheckoutTableViewCell.swift */; };
		87CF320DA2C8AB29D1D22D8D /* Pods_Mart_MartTests.framework in Frameworks */ = {isa = PBXBuildFile; fileRef = 52D9F0502FD282E9904552C5 /* Pods_Mart_MartTests.framework */; };
		A785EEC3F5189C50BE00D601 /* Pods_Mart.framework in Frameworks */ = {isa = PBXBuildFile; fileRef = 3617D7A714B9231A80F3EBCE /* Pods_Mart.framework */; };
/* End PBXBuildFile section */

/* Begin PBXContainerItemProxy section */
		37B2C28628EE5E4400E8F6B4 /* PBXContainerItemProxy */ = {
			isa = PBXContainerItemProxy;
			containerPortal = 37EB507428B11CD100185E83 /* Project object */;
			proxyType = 1;
			remoteGlobalIDString = 37EB507B28B11CD100185E83;
			remoteInfo = Mart;
		};
/* End PBXContainerItemProxy section */

/* Begin PBXFileReference section */
		2A24E7944AAAD3E30ED7BDB6 /* Pods-Mart-MartTests.debug.xcconfig */ = {isa = PBXFileReference; includeInIndex = 1; lastKnownFileType = text.xcconfig; name = "Pods-Mart-MartTests.debug.xcconfig"; path = "Target Support Files/Pods-Mart-MartTests/Pods-Mart-MartTests.debug.xcconfig"; sourceTree = "<group>"; };
		3617D7A714B9231A80F3EBCE /* Pods_Mart.framework */ = {isa = PBXFileReference; explicitFileType = wrapper.framework; includeInIndex = 0; path = Pods_Mart.framework; sourceTree = BUILT_PRODUCTS_DIR; };
		3714E1FC29099D7600EC08C0 /* JSONParameterEncoder.swift */ = {isa = PBXFileReference; lastKnownFileType = sourcecode.swift; path = JSONParameterEncoder.swift; sourceTree = "<group>"; };
		3714E1FE29099D9E00EC08C0 /* ParameterEncoding.swift */ = {isa = PBXFileReference; lastKnownFileType = sourcecode.swift; path = ParameterEncoding.swift; sourceTree = "<group>"; };
		3714E20029099DBC00EC08C0 /* URLParameterEncoder.swift */ = {isa = PBXFileReference; lastKnownFileType = sourcecode.swift; path = URLParameterEncoder.swift; sourceTree = "<group>"; };
		3714E20329099DF000EC08C0 /* CategoriesEndpoint.swift */ = {isa = PBXFileReference; lastKnownFileType = sourcecode.swift; path = CategoriesEndpoint.swift; sourceTree = "<group>"; };
		3714E20529099E1800EC08C0 /* HomeEndpoint.swift */ = {isa = PBXFileReference; lastKnownFileType = sourcecode.swift; path = HomeEndpoint.swift; sourceTree = "<group>"; };
		3714E20829099E4D00EC08C0 /* NetworkManager.swift */ = {isa = PBXFileReference; lastKnownFileType = sourcecode.swift; path = NetworkManager.swift; sourceTree = "<group>"; };
		3714E20B29099E9100EC08C0 /* categories.json */ = {isa = PBXFileReference; lastKnownFileType = text.json; path = categories.json; sourceTree = "<group>"; };
		3714E20D29099EBB00EC08C0 /* EndpointType.swift */ = {isa = PBXFileReference; lastKnownFileType = sourcecode.swift; path = EndpointType.swift; sourceTree = "<group>"; };
		3714E20F29099ED900EC08C0 /* HTTPMethod.swift */ = {isa = PBXFileReference; lastKnownFileType = sourcecode.swift; path = HTTPMethod.swift; sourceTree = "<group>"; };
		3714E21129099EED00EC08C0 /* HTTPTask.swift */ = {isa = PBXFileReference; lastKnownFileType = sourcecode.swift; path = HTTPTask.swift; sourceTree = "<group>"; };
		3714E21329099F0200EC08C0 /* NetworkEnvironment.swift */ = {isa = PBXFileReference; lastKnownFileType = sourcecode.swift; path = NetworkEnvironment.swift; sourceTree = "<group>"; };
		3714E21529099F1800EC08C0 /* NetworkLogger.swift */ = {isa = PBXFileReference; lastKnownFileType = sourcecode.swift; path = NetworkLogger.swift; sourceTree = "<group>"; };
		3714E21729099F3300EC08C0 /* Router.swift */ = {isa = PBXFileReference; lastKnownFileType = sourcecode.swift; path = Router.swift; sourceTree = "<group>"; };
		3714E21929099F5500EC08C0 /* AFRouter.swift */ = {isa = PBXFileReference; lastKnownFileType = sourcecode.swift; path = AFRouter.swift; sourceTree = "<group>"; };
		373754F428C3F02B0060EF13 /* LineNavigationView.swift */ = {isa = PBXFileReference; lastKnownFileType = sourcecode.swift; path = LineNavigationView.swift; sourceTree = "<group>"; };
		3740F95E28EC992700D0AC3F /* BaseViewTable.swift */ = {isa = PBXFileReference; lastKnownFileType = sourcecode.swift; path = BaseViewTable.swift; sourceTree = "<group>"; };
		3740F96128EC9E8E00D0AC3F /* AddProductCoordinator.swift */ = {isa = PBXFileReference; lastKnownFileType = sourcecode.swift; path = AddProductCoordinator.swift; sourceTree = "<group>"; };
		3740F96228EC9E8E00D0AC3F /* AddProductViewController.swift */ = {isa = PBXFileReference; lastKnownFileType = sourcecode.swift; path = AddProductViewController.swift; sourceTree = "<group>"; };
		3740F96328EC9E8E00D0AC3F /* AddProductView.swift */ = {isa = PBXFileReference; lastKnownFileType = sourcecode.swift; path = AddProductView.swift; sourceTree = "<group>"; };
		3740F96428EC9E8E00D0AC3F /* AddProductViewModel.swift */ = {isa = PBXFileReference; lastKnownFileType = sourcecode.swift; path = AddProductViewModel.swift; sourceTree = "<group>"; };
		3740F96928ECA79600D0AC3F /* SelectorCell.swift */ = {isa = PBXFileReference; lastKnownFileType = sourcecode.swift; path = SelectorCell.swift; sourceTree = "<group>"; };
		374A0E6A28EDDAC000D2D396 /* CarouselPhotosCell.swift */ = {isa = PBXFileReference; lastKnownFileType = sourcecode.swift; path = CarouselPhotosCell.swift; sourceTree = "<group>"; };
		374A0E6C28EDDCDC00D2D396 /* AddPhotoCell.swift */ = {isa = PBXFileReference; lastKnownFileType = sourcecode.swift; path = AddPhotoCell.swift; sourceTree = "<group>"; };
		374A0E6E28EDDCF000D2D396 /* PhotoCell.swift */ = {isa = PBXFileReference; lastKnownFileType = sourcecode.swift; path = PhotoCell.swift; sourceTree = "<group>"; };
		374A0E7028EDE16600D2D396 /* UICollectionViewCell+Extensios.swift */ = {isa = PBXFileReference; lastKnownFileType = sourcecode.swift; path = "UICollectionViewCell+Extensios.swift"; sourceTree = "<group>"; };
		37542B5428E4DFE1000C8791 /* swiftgen.yml */ = {isa = PBXFileReference; lastKnownFileType = text.yaml; path = swiftgen.yml; sourceTree = "<group>"; };
		37542B5728E4E35F000C8791 /* Strings.swift */ = {isa = PBXFileReference; fileEncoding = 4; lastKnownFileType = sourcecode.swift; path = Strings.swift; sourceTree = "<group>"; };
		37542B5A28E4E3D6000C8791 /* Base */ = {isa = PBXFileReference; lastKnownFileType = text.plist.strings; name = Base; path = Base.lproj/Localizable.strings; sourceTree = "<group>"; };
		375DD4B3290D63480058C05B /* AuthEndpoint.swift */ = {isa = PBXFileReference; lastKnownFileType = sourcecode.swift; path = AuthEndpoint.swift; sourceTree = "<group>"; };
		375DD4B5290D63840058C05B /* ProductsEndpoint.swift */ = {isa = PBXFileReference; lastKnownFileType = sourcecode.swift; path = ProductsEndpoint.swift; sourceTree = "<group>"; };
		375DD4B7290D63F50058C05B /* PreferencesSellViewModel.swift */ = {isa = PBXFileReference; lastKnownFileType = sourcecode.swift; path = PreferencesSellViewModel.swift; sourceTree = "<group>"; };
		376BABDB291438D500FD54D7 /* ProductDetailViewModel.swift */ = {isa = PBXFileReference; lastKnownFileType = sourcecode.swift; path = ProductDetailViewModel.swift; sourceTree = "<group>"; };
		376BABDD291440DA00FD54D7 /* ProductDetailCoodinator.swift */ = {isa = PBXFileReference; lastKnownFileType = sourcecode.swift; path = ProductDetailCoodinator.swift; sourceTree = "<group>"; };
		376BAD1E291555F200FD54D7 /* FavoriteButton.swift */ = {isa = PBXFileReference; lastKnownFileType = sourcecode.swift; path = FavoriteButton.swift; sourceTree = "<group>"; };
		377D35A328DA5A2C007BEA76 /* UITableViewCell+Extensions.swift */ = {isa = PBXFileReference; lastKnownFileType = sourcecode.swift; path = "UITableViewCell+Extensions.swift"; sourceTree = "<group>"; };
		37852F5028CCE1EE00DD2425 /* SearchBar.swift */ = {isa = PBXFileReference; lastKnownFileType = sourcecode.swift; path = SearchBar.swift; sourceTree = "<group>"; };
		37852F5228CCE24A00DD2425 /* SegmentedBar.swift */ = {isa = PBXFileReference; lastKnownFileType = sourcecode.swift; path = SegmentedBar.swift; sourceTree = "<group>"; };
		37852F5428CCE6AE00DD2425 /* UIImage+Extensions.swift */ = {isa = PBXFileReference; lastKnownFileType = sourcecode.swift; path = "UIImage+Extensions.swift"; sourceTree = "<group>"; };
		3789949D28E361A900605063 /* MartStrings.swift */ = {isa = PBXFileReference; lastKnownFileType = sourcecode.swift; path = MartStrings.swift; sourceTree = "<group>"; };
		3789949F28E362F000605063 /* BundleFinder.swift */ = {isa = PBXFileReference; lastKnownFileType = sourcecode.swift; path = BundleFinder.swift; sourceTree = "<group>"; };
		378CA00E28EF37EB003DE99F /* LoginViewTests.swift */ = {isa = PBXFileReference; lastKnownFileType = sourcecode.swift; path = LoginViewTests.swift; sourceTree = "<group>"; };
		378CA01028EF3FCC003DE99F /* SimpleTextViewCell.swift */ = {isa = PBXFileReference; lastKnownFileType = sourcecode.swift; path = SimpleTextViewCell.swift; sourceTree = "<group>"; };
		378CD48F28ECA8A30047EE21 /* RightIconTextField.swift */ = {isa = PBXFileReference; lastKnownFileType = sourcecode.swift; path = RightIconTextField.swift; sourceTree = "<group>"; };
		378CD49128ECA91E0047EE21 /* UITextField+Extensions.swift */ = {isa = PBXFileReference; lastKnownFileType = sourcecode.swift; path = "UITextField+Extensions.swift"; sourceTree = "<group>"; };
		378CD49328ECA9620047EE21 /* UIPickerView.swift */ = {isa = PBXFileReference; lastKnownFileType = sourcecode.swift; path = UIPickerView.swift; sourceTree = "<group>"; };
		378D30AC28D93C7400E021A8 /* EditProfile.swift */ = {isa = PBXFileReference; lastKnownFileType = sourcecode.swift; path = EditProfile.swift; sourceTree = "<group>"; };
		378DC46028C6888800461CBD /* ProductModel.swift */ = {isa = PBXFileReference; lastKnownFileType = sourcecode.swift; path = ProductModel.swift; sourceTree = "<group>"; };
		378FE4CE28B123D20058B5F2 /* ViewCodable.swift */ = {isa = PBXFileReference; lastKnownFileType = sourcecode.swift; path = ViewCodable.swift; sourceTree = "<group>"; };
		378FE4D028B1257B0058B5F2 /* UIView+Extensions.swift */ = {isa = PBXFileReference; lastKnownFileType = sourcecode.swift; path = "UIView+Extensions.swift"; sourceTree = "<group>"; };
		378FE4D228B125A50058B5F2 /* UIStackView+Extensions.swift */ = {isa = PBXFileReference; lastKnownFileType = sourcecode.swift; path = "UIStackView+Extensions.swift"; sourceTree = "<group>"; };
		37939A7628C6839D0077CF88 /* UIButton.Configuration+Extensions.swift */ = {isa = PBXFileReference; lastKnownFileType = sourcecode.swift; path = "UIButton.Configuration+Extensions.swift"; sourceTree = "<group>"; };
		3798D68028BAB7E000887BC6 /* HomeCoordinator.swift */ = {isa = PBXFileReference; lastKnownFileType = sourcecode.swift; path = HomeCoordinator.swift; sourceTree = "<group>"; };
		3798D68128BAB7E000887BC6 /* HomeViewController.swift */ = {isa = PBXFileReference; lastKnownFileType = sourcecode.swift; path = HomeViewController.swift; sourceTree = "<group>"; };
		3798D68328BAB7E000887BC6 /* HomeViewModel.swift */ = {isa = PBXFileReference; lastKnownFileType = sourcecode.swift; path = HomeViewModel.swift; sourceTree = "<group>"; };
		379A1CC728B27E920090E451 /* UIColor+Extensions.swift */ = {isa = PBXFileReference; lastKnownFileType = sourcecode.swift; path = "UIColor+Extensions.swift"; sourceTree = "<group>"; };
		379F4E7028E21F7000C703A4 /* ButtonCell.swift */ = {isa = PBXFileReference; lastKnownFileType = sourcecode.swift; path = ButtonCell.swift; sourceTree = "<group>"; };
		37A07ADE28D12694006295FB /* HomeCollectionView.swift */ = {isa = PBXFileReference; lastKnownFileType = sourcecode.swift; path = HomeCollectionView.swift; sourceTree = "<group>"; };
		37A12C6128C7812C00E12950 /* DefaultViewController.swift */ = {isa = PBXFileReference; lastKnownFileType = sourcecode.swift; path = DefaultViewController.swift; sourceTree = "<group>"; };
		37A9C7D428CFBE5E0036FE76 /* HomeView.swift */ = {isa = PBXFileReference; lastKnownFileType = sourcecode.swift; path = HomeView.swift; sourceTree = "<group>"; };
		37AEB5ED28BA6B8000987F56 /* UIButtonPreferences.swift */ = {isa = PBXFileReference; lastKnownFileType = sourcecode.swift; path = UIButtonPreferences.swift; sourceTree = "<group>"; };
		37AF8DD228E87EB800AD5693 /* EntryPointFactory.swift */ = {isa = PBXFileReference; lastKnownFileType = sourcecode.swift; path = EntryPointFactory.swift; sourceTree = "<group>"; };
		37AF8DD428E87EF500AD5693 /* CompositeEntryPoint.swift */ = {isa = PBXFileReference; lastKnownFileType = sourcecode.swift; path = CompositeEntryPoint.swift; sourceTree = "<group>"; };
		37AF8DD628E87F9E00AD5693 /* FirebaseConfiguratorEntryPoint.swift */ = {isa = PBXFileReference; lastKnownFileType = sourcecode.swift; path = FirebaseConfiguratorEntryPoint.swift; sourceTree = "<group>"; };
		37AF8DD828E8814100AD5693 /* StartupConfiguratorEntryPoint.swift */ = {isa = PBXFileReference; lastKnownFileType = sourcecode.swift; path = StartupConfiguratorEntryPoint.swift; sourceTree = "<group>"; };
		37AF8DDA28E881EE00AD5693 /* ApplicationCoordinator.swift */ = {isa = PBXFileReference; lastKnownFileType = sourcecode.swift; path = ApplicationCoordinator.swift; sourceTree = "<group>"; };
		37B2C28228EE5E4400E8F6B4 /* MartTests.xctest */ = {isa = PBXFileReference; explicitFileType = wrapper.cfbundle; includeInIndex = 0; path = MartTests.xctest; sourceTree = BUILT_PRODUCTS_DIR; };
		37B2C28428EE5E4400E8F6B4 /* BaseTests.swift */ = {isa = PBXFileReference; lastKnownFileType = sourcecode.swift; path = BaseTests.swift; sourceTree = "<group>"; };
		37B2C28C28EE5F1500E8F6B4 /* UIButtonPreferencesTests.swift */ = {isa = PBXFileReference; lastKnownFileType = sourcecode.swift; path = UIButtonPreferencesTests.swift; sourceTree = "<group>"; };
		37B2C28E28EE634200E8F6B4 /* SegmentedBarTests.swift */ = {isa = PBXFileReference; lastKnownFileType = sourcecode.swift; path = SegmentedBarTests.swift; sourceTree = "<group>"; };
		37B2C29128EE652C00E8F6B4 /* ButtonCellTests.swift */ = {isa = PBXFileReference; lastKnownFileType = sourcecode.swift; path = ButtonCellTests.swift; sourceTree = "<group>"; };
		37B2C29428EE671800E8F6B4 /* Mirror+Extensions.swift */ = {isa = PBXFileReference; lastKnownFileType = sourcecode.swift; path = "Mirror+Extensions.swift"; sourceTree = "<group>"; };
		37B2C29628EE693300E8F6B4 /* ButtonCellSpy.swift */ = {isa = PBXFileReference; lastKnownFileType = sourcecode.swift; path = ButtonCellSpy.swift; sourceTree = "<group>"; };
		37B2C29A28EE6E4800E8F6B4 /* LoginViewController.swift */ = {isa = PBXFileReference; lastKnownFileType = sourcecode.swift; path = LoginViewController.swift; sourceTree = "<group>"; };
		37B2C29D28EE6EBC00E8F6B4 /* LoginCoordinatorMock.swift */ = {isa = PBXFileReference; lastKnownFileType = sourcecode.swift; path = LoginCoordinatorMock.swift; sourceTree = "<group>"; };
		37B3682228D9FB9C0044ED58 /* HeaderView.swift */ = {isa = PBXFileReference; lastKnownFileType = sourcecode.swift; path = HeaderView.swift; sourceTree = "<group>"; };
		37B466CE28C3ECDF006C18D8 /* CheckoutCoordinator.swift */ = {isa = PBXFileReference; lastKnownFileType = sourcecode.swift; path = CheckoutCoordinator.swift; sourceTree = "<group>"; };
		37B466CF28C3ECDF006C18D8 /* CheckoutViewController.swift */ = {isa = PBXFileReference; lastKnownFileType = sourcecode.swift; path = CheckoutViewController.swift; sourceTree = "<group>"; };
		37B466D028C3ECDF006C18D8 /* CheckoutView.swift */ = {isa = PBXFileReference; lastKnownFileType = sourcecode.swift; path = CheckoutView.swift; sourceTree = "<group>"; };
		37B466D128C3ECDF006C18D8 /* CheckoutViewModel.swift */ = {isa = PBXFileReference; lastKnownFileType = sourcecode.swift; path = CheckoutViewModel.swift; sourceTree = "<group>"; };
		37B7C13528D8DFB7003ADDBC /* InfoGroupView.swift */ = {isa = PBXFileReference; lastKnownFileType = sourcecode.swift; path = InfoGroupView.swift; sourceTree = "<group>"; };
		37B7C13728D8E61B003ADDBC /* LabelValueView.swift */ = {isa = PBXFileReference; lastKnownFileType = sourcecode.swift; path = LabelValueView.swift; sourceTree = "<group>"; };
		37B9C30128B5492F00134380 /* PreferencesSellViewController.swift */ = {isa = PBXFileReference; lastKnownFileType = sourcecode.swift; path = PreferencesSellViewController.swift; sourceTree = "<group>"; };
		37B9C30328B54ABD00134380 /* PreferencesSellView.swift */ = {isa = PBXFileReference; lastKnownFileType = sourcecode.swift; path = PreferencesSellView.swift; sourceTree = "<group>"; };
		37B9C30528B54B4D00134380 /* PreferencesSellCoordinator.swift */ = {isa = PBXFileReference; lastKnownFileType = sourcecode.swift; path = PreferencesSellCoordinator.swift; sourceTree = "<group>"; };
		37B9C30728B54D7100134380 /* LoginCoordinator.swift */ = {isa = PBXFileReference; lastKnownFileType = sourcecode.swift; path = LoginCoordinator.swift; sourceTree = "<group>"; };
		37BF25DB28B1349E00E0066A /* LoginView.swift */ = {isa = PBXFileReference; lastKnownFileType = sourcecode.swift; name = LoginView.swift; path = Mart/LoginView.swift; sourceTree = SOURCE_ROOT; };
		37C3B37E28CF780500CFA1EE /* HomeCollectionCell.swift */ = {isa = PBXFileReference; lastKnownFileType = sourcecode.swift; path = HomeCollectionCell.swift; sourceTree = "<group>"; };
		37C3B38028CF7D3F00CFA1EE /* UIImageView+Extensions.swift */ = {isa = PBXFileReference; lastKnownFileType = sourcecode.swift; path = "UIImageView+Extensions.swift"; sourceTree = "<group>"; };
		37CDAC4C290F304B0052C71F /* RouterTests.swift */ = {isa = PBXFileReference; lastKnownFileType = sourcecode.swift; path = RouterTests.swift; sourceTree = "<group>"; };
		37CDAC4F290F30C00052C71F /* CategoriesJsonData.swift */ = {isa = PBXFileReference; lastKnownFileType = sourcecode.swift; path = CategoriesJsonData.swift; sourceTree = "<group>"; };
		37CDAC54290F31050052C71F /* NetworkManagerTests.swift */ = {isa = PBXFileReference; lastKnownFileType = sourcecode.swift; path = NetworkManagerTests.swift; sourceTree = "<group>"; };
		37CDAC57290F31950052C71F /* CategoriesEndpointTests.swift */ = {isa = PBXFileReference; lastKnownFileType = sourcecode.swift; path = CategoriesEndpointTests.swift; sourceTree = "<group>"; };
		37CDAC59290F31D90052C71F /* ParameterEncodingTests.swift */ = {isa = PBXFileReference; lastKnownFileType = sourcecode.swift; path = ParameterEncodingTests.swift; sourceTree = "<group>"; };
		37CDAC5C290F33220052C71F /* URLSessionDataTaskSpy.swift */ = {isa = PBXFileReference; lastKnownFileType = sourcecode.swift; path = URLSessionDataTaskSpy.swift; sourceTree = "<group>"; };
		37CDAC5E290F33530052C71F /* URLSessionMock.swift */ = {isa = PBXFileReference; lastKnownFileType = sourcecode.swift; path = URLSessionMock.swift; sourceTree = "<group>"; };
		37CDAC60290F33810052C71F /* NetworkRouterMock.swift */ = {isa = PBXFileReference; lastKnownFileType = sourcecode.swift; path = NetworkRouterMock.swift; sourceTree = "<group>"; };
		37CDAD932910668E0052C71F /* ProductDetailViewController.swift */ = {isa = PBXFileReference; lastKnownFileType = sourcecode.swift; path = ProductDetailViewController.swift; sourceTree = "<group>"; };
		37CDAD95291066B70052C71F /* ProductDetailView.swift */ = {isa = PBXFileReference; lastKnownFileType = sourcecode.swift; path = ProductDetailView.swift; sourceTree = "<group>"; };
		37CDAD97291068FC0052C71F /* SellerView.swift */ = {isa = PBXFileReference; lastKnownFileType = sourcecode.swift; path = SellerView.swift; sourceTree = "<group>"; };
		37CDAD99291069780052C71F /* SimpleScrollView.swift */ = {isa = PBXFileReference; lastKnownFileType = sourcecode.swift; path = SimpleScrollView.swift; sourceTree = "<group>"; };
		37CDAEC82911951A0052C71F /* products.json */ = {isa = PBXFileReference; lastKnownFileType = text.json; path = products.json; sourceTree = "<group>"; };
		37CDAEC9291195520052C71F /* product-detail.json */ = {isa = PBXFileReference; lastKnownFileType = text.json; path = "product-detail.json"; sourceTree = "<group>"; };
		37CE7FF028D91804009F04CC /* GrowButton.swift */ = {isa = PBXFileReference; lastKnownFileType = sourcecode.swift; path = GrowButton.swift; sourceTree = "<group>"; };
		37D5C56A28E1D6D800385B06 /* SimpleTextfieldCell.swift */ = {isa = PBXFileReference; lastKnownFileType = sourcecode.swift; path = SimpleTextfieldCell.swift; sourceTree = "<group>"; };
		37D5C56C28E1D74400385B06 /* DoubleCustomTextFieldCell.swift */ = {isa = PBXFileReference; lastKnownFileType = sourcecode.swift; path = DoubleCustomTextFieldCell.swift; sourceTree = "<group>"; };
		37D5C56E28E1D80600385B06 /* CustomTextFieldCell.swift */ = {isa = PBXFileReference; lastKnownFileType = sourcecode.swift; path = CustomTextFieldCell.swift; sourceTree = "<group>"; };
		37DDF2D228B286B5003205DE /* Nunito-SemiBold.ttf */ = {isa = PBXFileReference; lastKnownFileType = file; path = "Nunito-SemiBold.ttf"; sourceTree = "<group>"; };
		37DDF2D428B286D1003205DE /* Nunito-ExtraBold.ttf */ = {isa = PBXFileReference; lastKnownFileType = file; path = "Nunito-ExtraBold.ttf"; sourceTree = "<group>"; };
		37DDF2D628B28707003205DE /* Nunito-Medium.ttf */ = {isa = PBXFileReference; lastKnownFileType = file; path = "Nunito-Medium.ttf"; sourceTree = "<group>"; };
		37DDF2D828B28716003205DE /* Nunito-Regular.ttf */ = {isa = PBXFileReference; lastKnownFileType = file; path = "Nunito-Regular.ttf"; sourceTree = "<group>"; };
		37DDF2DA28B28750003205DE /* Nunito-Bold.ttf */ = {isa = PBXFileReference; lastKnownFileType = file; path = "Nunito-Bold.ttf"; sourceTree = "<group>"; };
		37DDF2DC28B287DF003205DE /* UIFont.swift */ = {isa = PBXFileReference; lastKnownFileType = sourcecode.swift; path = UIFont.swift; sourceTree = "<group>"; };
		37E1009928D8A7CA008E461F /* ProfileCoordinator.swift */ = {isa = PBXFileReference; lastKnownFileType = sourcecode.swift; path = ProfileCoordinator.swift; sourceTree = "<group>"; };
		37E1009A28D8A7CA008E461F /* ProfileViewController.swift */ = {isa = PBXFileReference; lastKnownFileType = sourcecode.swift; path = ProfileViewController.swift; sourceTree = "<group>"; };
		37E1009B28D8A7CA008E461F /* ProfileView.swift */ = {isa = PBXFileReference; lastKnownFileType = sourcecode.swift; path = ProfileView.swift; sourceTree = "<group>"; };
		37E1009C28D8A7CA008E461F /* ProfileViewModel.swift */ = {isa = PBXFileReference; lastKnownFileType = sourcecode.swift; path = ProfileViewModel.swift; sourceTree = "<group>"; };
		37E100A128D8A7D9008E461F /* EditProfileCoordinator.swift */ = {isa = PBXFileReference; lastKnownFileType = sourcecode.swift; path = EditProfileCoordinator.swift; sourceTree = "<group>"; };
		37E100A228D8A7D9008E461F /* EditProfileViewController.swift */ = {isa = PBXFileReference; lastKnownFileType = sourcecode.swift; path = EditProfileViewController.swift; sourceTree = "<group>"; };
		37E100A328D8A7D9008E461F /* EditProfileView.swift */ = {isa = PBXFileReference; lastKnownFileType = sourcecode.swift; path = EditProfileView.swift; sourceTree = "<group>"; };
		37E100A428D8A7D9008E461F /* EditProfileViewModel.swift */ = {isa = PBXFileReference; lastKnownFileType = sourcecode.swift; path = EditProfileViewModel.swift; sourceTree = "<group>"; };
		37EB507C28B11CD100185E83 /* Mart.app */ = {isa = PBXFileReference; explicitFileType = wrapper.application; includeInIndex = 0; path = Mart.app; sourceTree = BUILT_PRODUCTS_DIR; };
		37EB507F28B11CD100185E83 /* AppDelegate.swift */ = {isa = PBXFileReference; lastKnownFileType = sourcecode.swift; path = AppDelegate.swift; sourceTree = "<group>"; };
		37EB508128B11CD100185E83 /* SceneDelegate.swift */ = {isa = PBXFileReference; lastKnownFileType = sourcecode.swift; path = SceneDelegate.swift; sourceTree = "<group>"; };
		37EB508328B11CD100185E83 /* LoginViewController.swift */ = {isa = PBXFileReference; lastKnownFileType = sourcecode.swift; path = LoginViewController.swift; sourceTree = "<group>"; };
		37EB508828B11CD100185E83 /* Assets.xcassets */ = {isa = PBXFileReference; lastKnownFileType = folder.assetcatalog; path = Assets.xcassets; sourceTree = "<group>"; };
		37EB508B28B11CD100185E83 /* Base */ = {isa = PBXFileReference; lastKnownFileType = file.storyboard; name = Base; path = Base.lproj/LaunchScreen.storyboard; sourceTree = "<group>"; };
		37EB508D28B11CD100185E83 /* Info.plist */ = {isa = PBXFileReference; lastKnownFileType = text.plist.xml; path = Info.plist; sourceTree = "<group>"; };
		37F0D7DF28C66A860018694A /* TableFooterView.swift */ = {isa = PBXFileReference; lastKnownFileType = sourcecode.swift; path = TableFooterView.swift; sourceTree = "<group>"; };
		37F0D7E228C66BBF0018694A /* CheckoutTableViewCell.swift */ = {isa = PBXFileReference; lastKnownFileType = sourcecode.swift; path = CheckoutTableViewCell.swift; sourceTree = "<group>"; };
		38639C08669BFEE62911DC5F /* Pods-Mart-MartTests.release.xcconfig */ = {isa = PBXFileReference; includeInIndex = 1; lastKnownFileType = text.xcconfig; name = "Pods-Mart-MartTests.release.xcconfig"; path = "Target Support Files/Pods-Mart-MartTests/Pods-Mart-MartTests.release.xcconfig"; sourceTree = "<group>"; };
		52D9F0502FD282E9904552C5 /* Pods_Mart_MartTests.framework */ = {isa = PBXFileReference; explicitFileType = wrapper.framework; includeInIndex = 0; path = Pods_Mart_MartTests.framework; sourceTree = BUILT_PRODUCTS_DIR; };
		53EB52F8ADBE15D7C6615CD2 /* Pods-Mart.debug.xcconfig */ = {isa = PBXFileReference; includeInIndex = 1; lastKnownFileType = text.xcconfig; name = "Pods-Mart.debug.xcconfig"; path = "Target Support Files/Pods-Mart/Pods-Mart.debug.xcconfig"; sourceTree = "<group>"; };
		7AED3E0325FF3F8F67157DF6 /* Pods-Mart-MartTests.mock.xcconfig */ = {isa = PBXFileReference; includeInIndex = 1; lastKnownFileType = text.xcconfig; name = "Pods-Mart-MartTests.mock.xcconfig"; path = "Target Support Files/Pods-Mart-MartTests/Pods-Mart-MartTests.mock.xcconfig"; sourceTree = "<group>"; };
		BD71B4B3A23AD38608AC8EB9 /* Pods-Mart.release.xcconfig */ = {isa = PBXFileReference; includeInIndex = 1; lastKnownFileType = text.xcconfig; name = "Pods-Mart.release.xcconfig"; path = "Target Support Files/Pods-Mart/Pods-Mart.release.xcconfig"; sourceTree = "<group>"; };
		EF87CDA58829EB81C31ADF5A /* Pods-Mart.mock.xcconfig */ = {isa = PBXFileReference; includeInIndex = 1; lastKnownFileType = text.xcconfig; name = "Pods-Mart.mock.xcconfig"; path = "Target Support Files/Pods-Mart/Pods-Mart.mock.xcconfig"; sourceTree = "<group>"; };
/* End PBXFileReference section */

/* Begin PBXFrameworksBuildPhase section */
		37B2C27F28EE5E4400E8F6B4 /* Frameworks */ = {
			isa = PBXFrameworksBuildPhase;
			buildActionMask = 2147483647;
			files = (
				87CF320DA2C8AB29D1D22D8D /* Pods_Mart_MartTests.framework in Frameworks */,
			);
			runOnlyForDeploymentPostprocessing = 0;
		};
		37EB507928B11CD100185E83 /* Frameworks */ = {
			isa = PBXFrameworksBuildPhase;
			buildActionMask = 2147483647;
			files = (
				A785EEC3F5189C50BE00D601 /* Pods_Mart.framework in Frameworks */,
			);
			runOnlyForDeploymentPostprocessing = 0;
		};
/* End PBXFrameworksBuildPhase section */

/* Begin PBXGroup section */
		1E110A858558004C1451B45C /* Pods */ = {
			isa = PBXGroup;
			children = (
				53EB52F8ADBE15D7C6615CD2 /* Pods-Mart.debug.xcconfig */,
				BD71B4B3A23AD38608AC8EB9 /* Pods-Mart.release.xcconfig */,
				EF87CDA58829EB81C31ADF5A /* Pods-Mart.mock.xcconfig */,
				2A24E7944AAAD3E30ED7BDB6 /* Pods-Mart-MartTests.debug.xcconfig */,
				38639C08669BFEE62911DC5F /* Pods-Mart-MartTests.release.xcconfig */,
				7AED3E0325FF3F8F67157DF6 /* Pods-Mart-MartTests.mock.xcconfig */,
			);
			path = Pods;
			sourceTree = "<group>";
		};
		3714E1FA29099CFE00EC08C0 /* Networking */ = {
			isa = PBXGroup;
			children = (
				3714E20C29099EA900EC08C0 /* Service */,
				3714E20A29099E7000EC08C0 /* Mocks */,
				3714E20729099E3D00EC08C0 /* Manager */,
				3714E20229099DD700EC08C0 /* Endpoint */,
				3714E1FB29099D5C00EC08C0 /* Encoding */,
			);
			path = Networking;
			sourceTree = "<group>";
		};
		3714E1FB29099D5C00EC08C0 /* Encoding */ = {
			isa = PBXGroup;
			children = (
				3714E1FC29099D7600EC08C0 /* JSONParameterEncoder.swift */,
				3714E1FE29099D9E00EC08C0 /* ParameterEncoding.swift */,
				3714E20029099DBC00EC08C0 /* URLParameterEncoder.swift */,
			);
			path = Encoding;
			sourceTree = "<group>";
		};
		3714E20229099DD700EC08C0 /* Endpoint */ = {
			isa = PBXGroup;
			children = (
				3714E20329099DF000EC08C0 /* CategoriesEndpoint.swift */,
				3714E20529099E1800EC08C0 /* HomeEndpoint.swift */,
				375DD4B3290D63480058C05B /* AuthEndpoint.swift */,
				375DD4B5290D63840058C05B /* ProductsEndpoint.swift */,
			);
			path = Endpoint;
			sourceTree = "<group>";
		};
		3714E20729099E3D00EC08C0 /* Manager */ = {
			isa = PBXGroup;
			children = (
				3714E20829099E4D00EC08C0 /* NetworkManager.swift */,
			);
			path = Manager;
			sourceTree = "<group>";
		};
		3714E20A29099E7000EC08C0 /* Mocks */ = {
			isa = PBXGroup;
			children = (
				3714E20B29099E9100EC08C0 /* categories.json */,
				37CDAEC82911951A0052C71F /* products.json */,
				37CDAEC9291195520052C71F /* product-detail.json */,
			);
			path = Mocks;
			sourceTree = "<group>";
		};
		3714E20C29099EA900EC08C0 /* Service */ = {
			isa = PBXGroup;
			children = (
				3714E20D29099EBB00EC08C0 /* EndpointType.swift */,
				3714E20F29099ED900EC08C0 /* HTTPMethod.swift */,
				3714E21129099EED00EC08C0 /* HTTPTask.swift */,
				3714E21329099F0200EC08C0 /* NetworkEnvironment.swift */,
				3714E21529099F1800EC08C0 /* NetworkLogger.swift */,
				3714E21729099F3300EC08C0 /* Router.swift */,
				3714E21929099F5500EC08C0 /* AFRouter.swift */,
			);
			path = Service;
			sourceTree = "<group>";
		};
		3740F96028EC9E7400D0AC3F /* AddProduct */ = {
			isa = PBXGroup;
			children = (
				374A0E6928EDD97200D2D396 /* Cells */,
				3740F96128EC9E8E00D0AC3F /* AddProductCoordinator.swift */,
				3740F96228EC9E8E00D0AC3F /* AddProductViewController.swift */,
				3740F96328EC9E8E00D0AC3F /* AddProductView.swift */,
				3740F96428EC9E8E00D0AC3F /* AddProductViewModel.swift */,
			);
			name = AddProduct;
			sourceTree = "<group>";
		};
		374A0E6928EDD97200D2D396 /* Cells */ = {
			isa = PBXGroup;
			children = (
				374A0E6A28EDDAC000D2D396 /* CarouselPhotosCell.swift */,
				374A0E6C28EDDCDC00D2D396 /* AddPhotoCell.swift */,
				374A0E6E28EDDCF000D2D396 /* PhotoCell.swift */,
			);
			name = Cells;
			sourceTree = "<group>";
		};
		37542B5C28E4E493000C8791 /* Localizable */ = {
			isa = PBXGroup;
			children = (
				37542B5928E4E3D6000C8791 /* Localizable.strings */,
			);
			path = Localizable;
			sourceTree = "<group>";
		};
		37852F4F28CCE1DD00DD2425 /* Commons */ = {
			isa = PBXGroup;
			children = (
				37852F5028CCE1EE00DD2425 /* SearchBar.swift */,
				37852F5228CCE24A00DD2425 /* SegmentedBar.swift */,
				37A07ADE28D12694006295FB /* HomeCollectionView.swift */,
			);
			name = Commons;
			sourceTree = "<group>";
		};
		3786587428E88B3B00597599 /* Compositions */ = {
			isa = PBXGroup;
			children = (
				37AF8DD628E87F9E00AD5693 /* FirebaseConfiguratorEntryPoint.swift */,
				37AF8DD828E8814100AD5693 /* StartupConfiguratorEntryPoint.swift */,
			);
			path = Compositions;
			sourceTree = "<group>";
		};
		3789949A28E35DCF00605063 /* Resources */ = {
			isa = PBXGroup;
			children = (
				37542B5728E4E35F000C8791 /* Strings.swift */,
				3789949D28E361A900605063 /* MartStrings.swift */,
				3789949F28E362F000605063 /* BundleFinder.swift */,
			);
			path = Resources;
			sourceTree = "<group>";
		};
		3798D67E28BAB7C100887BC6 /* Home */ = {
			isa = PBXGroup;
			children = (
				37C3B37D28CF77D900CFA1EE /* Cells */,
				37852F4F28CCE1DD00DD2425 /* Commons */,
				3798D68028BAB7E000887BC6 /* HomeCoordinator.swift */,
				3798D68128BAB7E000887BC6 /* HomeViewController.swift */,
				3798D68328BAB7E000887BC6 /* HomeViewModel.swift */,
				37A9C7D428CFBE5E0036FE76 /* HomeView.swift */,
			);
			name = Home;
			sourceTree = "<group>";
		};
		379A1CC928B27F880090E451 /* Login */ = {
			isa = PBXGroup;
			children = (
				37EB508328B11CD100185E83 /* LoginViewController.swift */,
				37BF25DB28B1349E00E0066A /* LoginView.swift */,
				37B9C30728B54D7100134380 /* LoginCoordinator.swift */,
			);
			name = Login;
			sourceTree = "<group>";
		};
		379A1CCA28B282B30090E451 /* Fonts */ = {
			isa = PBXGroup;
			children = (
				37DDF2D228B286B5003205DE /* Nunito-SemiBold.ttf */,
				37DDF2D428B286D1003205DE /* Nunito-ExtraBold.ttf */,
				37DDF2D628B28707003205DE /* Nunito-Medium.ttf */,
				37DDF2D828B28716003205DE /* Nunito-Regular.ttf */,
				37DDF2DA28B28750003205DE /* Nunito-Bold.ttf */,
			);
			path = Fonts;
			sourceTree = "<group>";
		};
		379F4E6F28E21F4200C703A4 /* Cells */ = {
			isa = PBXGroup;
			children = (
				37D5C56A28E1D6D800385B06 /* SimpleTextfieldCell.swift */,
				37D5C56C28E1D74400385B06 /* DoubleCustomTextFieldCell.swift */,
				37D5C56E28E1D80600385B06 /* CustomTextFieldCell.swift */,
				379F4E7028E21F7000C703A4 /* ButtonCell.swift */,
				3740F96928ECA79600D0AC3F /* SelectorCell.swift */,
				378CA01028EF3FCC003DE99F /* SimpleTextViewCell.swift */,
			);
			name = Cells;
			sourceTree = "<group>";
		};
		37AEB5EC28BA6B6200987F56 /* Components */ = {
			isa = PBXGroup;
			children = (
				379F4E6F28E21F4200C703A4 /* Cells */,
				37A12C6128C7812C00E12950 /* DefaultViewController.swift */,
				37AEB5ED28BA6B8000987F56 /* UIButtonPreferences.swift */,
				373754F428C3F02B0060EF13 /* LineNavigationView.swift */,
				37B7C13528D8DFB7003ADDBC /* InfoGroupView.swift */,
				37B7C13728D8E61B003ADDBC /* LabelValueView.swift */,
				37CE7FF028D91804009F04CC /* GrowButton.swift */,
				37B3682228D9FB9C0044ED58 /* HeaderView.swift */,
				3740F95E28EC992700D0AC3F /* BaseViewTable.swift */,
				378CD48F28ECA8A30047EE21 /* RightIconTextField.swift */,
				378CD49328ECA9620047EE21 /* UIPickerView.swift */,
				37CDAD97291068FC0052C71F /* SellerView.swift */,
				37CDAD99291069780052C71F /* SimpleScrollView.swift */,
				376BAD1E291555F200FD54D7 /* FavoriteButton.swift */,
			);
			name = Components;
			sourceTree = "<group>";
		};
		37AF8DD128E87E8900AD5693 /* AppDelegate */ = {
			isa = PBXGroup;
			children = (
				3786587428E88B3B00597599 /* Compositions */,
				37AF8DD228E87EB800AD5693 /* EntryPointFactory.swift */,
				37AF8DD428E87EF500AD5693 /* CompositeEntryPoint.swift */,
				37AF8DDA28E881EE00AD5693 /* ApplicationCoordinator.swift */,
				37EB507F28B11CD100185E83 /* AppDelegate.swift */,
				37EB508128B11CD100185E83 /* SceneDelegate.swift */,
			);
			path = AppDelegate;
			sourceTree = "<group>";
		};
		37B0700928C6B2B7004490B3 /* Model */ = {
			isa = PBXGroup;
			children = (
				378DC46028C6888800461CBD /* ProductModel.swift */,
				378D30AC28D93C7400E021A8 /* EditProfile.swift */,
			);
			path = Model;
			sourceTree = "<group>";
		};
		37B2C28328EE5E4400E8F6B4 /* MartTests */ = {
			isa = PBXGroup;
			children = (
				37CDAC48290F2FFF0052C71F /* Networking */,
				37B2C29928EE6E3100E8F6B4 /* ViewControllers */,
				37B2C29328EE670300E8F6B4 /* Extensions */,
				37B2C28B28EE5EEE00E8F6B4 /* Components */,
				37B2C28428EE5E4400E8F6B4 /* BaseTests.swift */,
			);
			path = MartTests;
			sourceTree = "<group>";
		};
		37B2C28B28EE5EEE00E8F6B4 /* Components */ = {
			isa = PBXGroup;
			children = (
				37B2C29028EE651800E8F6B4 /* Cells */,
				37B2C28C28EE5F1500E8F6B4 /* UIButtonPreferencesTests.swift */,
				37B2C28E28EE634200E8F6B4 /* SegmentedBarTests.swift */,
			);
			path = Components;
			sourceTree = "<group>";
		};
		37B2C29028EE651800E8F6B4 /* Cells */ = {
			isa = PBXGroup;
			children = (
				37B2C29828EE696400E8F6B4 /* ButtonCell */,
			);
			path = Cells;
			sourceTree = "<group>";
		};
		37B2C29328EE670300E8F6B4 /* Extensions */ = {
			isa = PBXGroup;
			children = (
				37B2C29428EE671800E8F6B4 /* Mirror+Extensions.swift */,
			);
			path = Extensions;
			sourceTree = "<group>";
		};
		37B2C29828EE696400E8F6B4 /* ButtonCell */ = {
			isa = PBXGroup;
			children = (
				37B2C29128EE652C00E8F6B4 /* ButtonCellTests.swift */,
				37B2C29628EE693300E8F6B4 /* ButtonCellSpy.swift */,
			);
			path = ButtonCell;
			sourceTree = "<group>";
		};
		37B2C29928EE6E3100E8F6B4 /* ViewControllers */ = {
			isa = PBXGroup;
			children = (
				37B2C29C28EE6E9D00E8F6B4 /* Login */,
			);
			path = ViewControllers;
			sourceTree = "<group>";
		};
		37B2C29C28EE6E9D00E8F6B4 /* Login */ = {
			isa = PBXGroup;
			children = (
				37B2C29A28EE6E4800E8F6B4 /* LoginViewController.swift */,
				37B2C29D28EE6EBC00E8F6B4 /* LoginCoordinatorMock.swift */,
				378CA00E28EF37EB003DE99F /* LoginViewTests.swift */,
			);
			path = Login;
			sourceTree = "<group>";
		};
		37B466CD28C3ECB7006C18D8 /* Checkout */ = {
			isa = PBXGroup;
			children = (
				37F0D7E128C66B940018694A /* Cells */,
				37F0D7DE28C66A740018694A /* Commons */,
				37B466CE28C3ECDF006C18D8 /* CheckoutCoordinator.swift */,
				37B466CF28C3ECDF006C18D8 /* CheckoutViewController.swift */,
				37B466D028C3ECDF006C18D8 /* CheckoutView.swift */,
				37B466D128C3ECDF006C18D8 /* CheckoutViewModel.swift */,
			);
			name = Checkout;
			sourceTree = "<group>";
		};
		37B9C30028B548AE00134380 /* PreferencesSell */ = {
			isa = PBXGroup;
			children = (
				37B9C30128B5492F00134380 /* PreferencesSellViewController.swift */,
				37B9C30328B54ABD00134380 /* PreferencesSellView.swift */,
				37B9C30528B54B4D00134380 /* PreferencesSellCoordinator.swift */,
				375DD4B7290D63F50058C05B /* PreferencesSellViewModel.swift */,
			);
			name = PreferencesSell;
			sourceTree = "<group>";
		};
		37BF25DD28B1356E00E0066A /* Views */ = {
			isa = PBXGroup;
			children = (
				37CDAD922910662F0052C71F /* ProductDetail */,
				3740F96028EC9E7400D0AC3F /* AddProduct */,
				37B466CD28C3ECB7006C18D8 /* Checkout */,
				37AEB5EC28BA6B6200987F56 /* Components */,
				37E1009828D8A7A8008E461F /* EditProfile */,
				3798D67E28BAB7C100887BC6 /* Home */,
				379A1CC928B27F880090E451 /* Login */,
				37B9C30028B548AE00134380 /* PreferencesSell */,
				37E1009728D8A79F008E461F /* Profile */,
			);
			name = Views;
			sourceTree = "<group>";
		};
		37BF25DE28B1358000E0066A /* Utils */ = {
			isa = PBXGroup;
			children = (
				378FE4D228B125A50058B5F2 /* UIStackView+Extensions.swift */,
				378FE4D028B1257B0058B5F2 /* UIView+Extensions.swift */,
				378FE4CE28B123D20058B5F2 /* ViewCodable.swift */,
				379A1CC728B27E920090E451 /* UIColor+Extensions.swift */,
				37DDF2DC28B287DF003205DE /* UIFont.swift */,
				37939A7628C6839D0077CF88 /* UIButton.Configuration+Extensions.swift */,
				37852F5428CCE6AE00DD2425 /* UIImage+Extensions.swift */,
				37C3B38028CF7D3F00CFA1EE /* UIImageView+Extensions.swift */,
				377D35A328DA5A2C007BEA76 /* UITableViewCell+Extensions.swift */,
				378CD49128ECA91E0047EE21 /* UITextField+Extensions.swift */,
				374A0E7028EDE16600D2D396 /* UICollectionViewCell+Extensios.swift */,
			);
			path = Utils;
			sourceTree = "<group>";
		};
		37C3B37D28CF77D900CFA1EE /* Cells */ = {
			isa = PBXGroup;
			children = (
				37C3B37E28CF780500CFA1EE /* HomeCollectionCell.swift */,
			);
			path = Cells;
			sourceTree = "<group>";
		};
		37CDAC48290F2FFF0052C71F /* Networking */ = {
			isa = PBXGroup;
			children = (
				37CDAC5B290F32400052C71F /* Encoding */,
				37CDAC56290F31800052C71F /* EndPoint */,
				37CDAC53290F30EC0052C71F /* Manager */,
				37CDAC4E290F309F0052C71F /* Mocks */,
				37CDAC49290F30130052C71F /* Service */,
			);
			path = Networking;
			sourceTree = "<group>";
		};
		37CDAC49290F30130052C71F /* Service */ = {
			isa = PBXGroup;
			children = (
				37CDAC4C290F304B0052C71F /* RouterTests.swift */,
				37CDAC5C290F33220052C71F /* URLSessionDataTaskSpy.swift */,
				37CDAC5E290F33530052C71F /* URLSessionMock.swift */,
			);
			path = Service;
			sourceTree = "<group>";
		};
		37CDAC4E290F309F0052C71F /* Mocks */ = {
			isa = PBXGroup;
			children = (
				37CDAC4F290F30C00052C71F /* CategoriesJsonData.swift */,
			);
			path = Mocks;
			sourceTree = "<group>";
		};
		37CDAC53290F30EC0052C71F /* Manager */ = {
			isa = PBXGroup;
			children = (
				37CDAC54290F31050052C71F /* NetworkManagerTests.swift */,
				37CDAC60290F33810052C71F /* NetworkRouterMock.swift */,
			);
			path = Manager;
			sourceTree = "<group>";
		};
		37CDAC56290F31800052C71F /* EndPoint */ = {
			isa = PBXGroup;
			children = (
				37CDAC57290F31950052C71F /* CategoriesEndpointTests.swift */,
			);
			name = EndPoint;
			sourceTree = "<group>";
		};
		37CDAC5B290F32400052C71F /* Encoding */ = {
			isa = PBXGroup;
			children = (
				37CDAC59290F31D90052C71F /* ParameterEncodingTests.swift */,
			);
			path = Encoding;
			sourceTree = "<group>";
		};
		37CDAD922910662F0052C71F /* ProductDetail */ = {
			isa = PBXGroup;
			children = (
				37CDAD932910668E0052C71F /* ProductDetailViewController.swift */,
				37CDAD95291066B70052C71F /* ProductDetailView.swift */,
				376BABDB291438D500FD54D7 /* ProductDetailViewModel.swift */,
				376BABDD291440DA00FD54D7 /* ProductDetailCoodinator.swift */,
			);
			name = ProductDetail;
			sourceTree = "<group>";
		};
		37E1009728D8A79F008E461F /* Profile */ = {
			isa = PBXGroup;
			children = (
				37E1009928D8A7CA008E461F /* ProfileCoordinator.swift */,
				37E1009A28D8A7CA008E461F /* ProfileViewController.swift */,
				37E1009B28D8A7CA008E461F /* ProfileView.swift */,
				37E1009C28D8A7CA008E461F /* ProfileViewModel.swift */,
			);
			name = Profile;
			sourceTree = "<group>";
		};
		37E1009828D8A7A8008E461F /* EditProfile */ = {
			isa = PBXGroup;
			children = (
				37E100A128D8A7D9008E461F /* EditProfileCoordinator.swift */,
				37E100A228D8A7D9008E461F /* EditProfileViewController.swift */,
				37E100A328D8A7D9008E461F /* EditProfileView.swift */,
				37E100A428D8A7D9008E461F /* EditProfileViewModel.swift */,
			);
			name = EditProfile;
			sourceTree = "<group>";
		};
		37EB507328B11CD100185E83 = {
			isa = PBXGroup;
			children = (
				37542B5428E4DFE1000C8791 /* swiftgen.yml */,
				37EB507E28B11CD100185E83 /* Mart */,
				37B2C28328EE5E4400E8F6B4 /* MartTests */,
				37EB507D28B11CD100185E83 /* Products */,
				1E110A858558004C1451B45C /* Pods */,
				CA0BDC89F79D6488610B93CA /* Frameworks */,
			);
			sourceTree = "<group>";
		};
		37EB507D28B11CD100185E83 /* Products */ = {
			isa = PBXGroup;
			children = (
				37EB507C28B11CD100185E83 /* Mart.app */,
				37B2C28228EE5E4400E8F6B4 /* MartTests.xctest */,
			);
			name = Products;
			sourceTree = "<group>";
		};
		37EB507E28B11CD100185E83 /* Mart */ = {
			isa = PBXGroup;
			children = (
				3714E1FA29099CFE00EC08C0 /* Networking */,
				37AF8DD128E87E8900AD5693 /* AppDelegate */,
				37542B5C28E4E493000C8791 /* Localizable */,
				3789949A28E35DCF00605063 /* Resources */,
				37B0700928C6B2B7004490B3 /* Model */,
				379A1CCA28B282B30090E451 /* Fonts */,
				37BF25DE28B1358000E0066A /* Utils */,
				37BF25DD28B1356E00E0066A /* Views */,
				37EB508828B11CD100185E83 /* Assets.xcassets */,
				37EB508A28B11CD100185E83 /* LaunchScreen.storyboard */,
				37EB508D28B11CD100185E83 /* Info.plist */,
			);
			path = Mart;
			sourceTree = "<group>";
		};
		37F0D7DE28C66A740018694A /* Commons */ = {
			isa = PBXGroup;
			children = (
				37F0D7DF28C66A860018694A /* TableFooterView.swift */,
			);
			name = Commons;
			sourceTree = "<group>";
		};
		37F0D7E128C66B940018694A /* Cells */ = {
			isa = PBXGroup;
			children = (
				37F0D7E228C66BBF0018694A /* CheckoutTableViewCell.swift */,
			);
			name = Cells;
			sourceTree = "<group>";
		};
		CA0BDC89F79D6488610B93CA /* Frameworks */ = {
			isa = PBXGroup;
			children = (
				3617D7A714B9231A80F3EBCE /* Pods_Mart.framework */,
				52D9F0502FD282E9904552C5 /* Pods_Mart_MartTests.framework */,
			);
			name = Frameworks;
			sourceTree = "<group>";
		};
/* End PBXGroup section */

/* Begin PBXNativeTarget section */
		37B2C28128EE5E4400E8F6B4 /* MartTests */ = {
			isa = PBXNativeTarget;
			buildConfigurationList = 37B2C28828EE5E4400E8F6B4 /* Build configuration list for PBXNativeTarget "MartTests" */;
			buildPhases = (
				F2ACBED85CB81A4A71195398 /* [CP] Check Pods Manifest.lock */,
				37B2C27E28EE5E4400E8F6B4 /* Sources */,
				37B2C27F28EE5E4400E8F6B4 /* Frameworks */,
				37B2C28028EE5E4400E8F6B4 /* Resources */,
				F88843B501213140E24D734C /* [CP] Embed Pods Frameworks */,
			);
			buildRules = (
			);
			dependencies = (
				37B2C28728EE5E4400E8F6B4 /* PBXTargetDependency */,
			);
			name = MartTests;
			productName = MartTests;
			productReference = 37B2C28228EE5E4400E8F6B4 /* MartTests.xctest */;
			productType = "com.apple.product-type.bundle.unit-test";
		};
		37EB507B28B11CD100185E83 /* Mart */ = {
			isa = PBXNativeTarget;
			buildConfigurationList = 37EB509028B11CD100185E83 /* Build configuration list for PBXNativeTarget "Mart" */;
			buildPhases = (
				0C92D63E2CA4D94BA1A3E4A6 /* [CP] Check Pods Manifest.lock */,
				37EB507828B11CD100185E83 /* Sources */,
				37EB507928B11CD100185E83 /* Frameworks */,
				37EB507A28B11CD100185E83 /* Resources */,
				37EB509428B11E1400185E83 /* SwiftLint */,
				37A86C6F28E37ADF001BE1C8 /* SwiftGen */,
				5C0D67C6056833084FD5DCEA /* [CP] Embed Pods Frameworks */,
			);
			buildRules = (
			);
			dependencies = (
			);
			name = Mart;
			productName = Mart;
			productReference = 37EB507C28B11CD100185E83 /* Mart.app */;
			productType = "com.apple.product-type.application";
		};
/* End PBXNativeTarget section */

/* Begin PBXProject section */
		37EB507428B11CD100185E83 /* Project object */ = {
			isa = PBXProject;
			attributes = {
				BuildIndependentTargetsInParallel = 1;
				LastSwiftUpdateCheck = 1400;
				LastUpgradeCheck = 1340;
				TargetAttributes = {
					37B2C28128EE5E4400E8F6B4 = {
						CreatedOnToolsVersion = 14.0.1;
						TestTargetID = 37EB507B28B11CD100185E83;
					};
					37EB507B28B11CD100185E83 = {
						CreatedOnToolsVersion = 13.4.1;
					};
				};
			};
			buildConfigurationList = 37EB507728B11CD100185E83 /* Build configuration list for PBXProject "Mart" */;
			compatibilityVersion = "Xcode 13.0";
			developmentRegion = en;
			hasScannedForEncodings = 0;
			knownRegions = (
				en,
				Base,
			);
			mainGroup = 37EB507328B11CD100185E83;
			productRefGroup = 37EB507D28B11CD100185E83 /* Products */;
			projectDirPath = "";
			projectRoot = "";
			targets = (
				37EB507B28B11CD100185E83 /* Mart */,
				37B2C28128EE5E4400E8F6B4 /* MartTests */,
			);
		};
/* End PBXProject section */

/* Begin PBXResourcesBuildPhase section */
		37B2C28028EE5E4400E8F6B4 /* Resources */ = {
			isa = PBXResourcesBuildPhase;
			buildActionMask = 2147483647;
			files = (
			);
			runOnlyForDeploymentPostprocessing = 0;
		};
		37EB507A28B11CD100185E83 /* Resources */ = {
			isa = PBXResourcesBuildPhase;
			buildActionMask = 2147483647;
			files = (
				37DDAC5929142AB5004851D5 /* products.json in Resources */,
				37DDAC5829142AB0004851D5 /* product-detail.json in Resources */,
				37DDAC5729142AAA004851D5 /* categories.json in Resources */,
				37DDF2DB28B28750003205DE /* Nunito-Bold.ttf in Resources */,
				37DDF2D928B28716003205DE /* Nunito-Regular.ttf in Resources */,
				37DDF2D328B286B5003205DE /* Nunito-SemiBold.ttf in Resources */,
				37EB508C28B11CD100185E83 /* LaunchScreen.storyboard in Resources */,
				37EB508928B11CD100185E83 /* Assets.xcassets in Resources */,
				37542B5B28E4E3D6000C8791 /* Localizable.strings in Resources */,
				37DDF2D528B286D1003205DE /* Nunito-ExtraBold.ttf in Resources */,
				37DDF2D728B28707003205DE /* Nunito-Medium.ttf in Resources */,
			);
			runOnlyForDeploymentPostprocessing = 0;
		};
/* End PBXResourcesBuildPhase section */

/* Begin PBXShellScriptBuildPhase section */
		0C92D63E2CA4D94BA1A3E4A6 /* [CP] Check Pods Manifest.lock */ = {
			isa = PBXShellScriptBuildPhase;
			buildActionMask = 2147483647;
			files = (
			);
			inputFileListPaths = (
			);
			inputPaths = (
				"${PODS_PODFILE_DIR_PATH}/Podfile.lock",
				"${PODS_ROOT}/Manifest.lock",
			);
			name = "[CP] Check Pods Manifest.lock";
			outputFileListPaths = (
			);
			outputPaths = (
				"$(DERIVED_FILE_DIR)/Pods-Mart-checkManifestLockResult.txt",
			);
			runOnlyForDeploymentPostprocessing = 0;
			shellPath = /bin/sh;
			shellScript = "diff \"${PODS_PODFILE_DIR_PATH}/Podfile.lock\" \"${PODS_ROOT}/Manifest.lock\" > /dev/null\nif [ $? != 0 ] ; then\n    # print error to STDERR\n    echo \"error: The sandbox is not in sync with the Podfile.lock. Run 'pod install' or update your CocoaPods installation.\" >&2\n    exit 1\nfi\n# This output is used by Xcode 'outputs' to avoid re-running this script phase.\necho \"SUCCESS\" > \"${SCRIPT_OUTPUT_FILE_0}\"\n";
			showEnvVarsInLog = 0;
		};
		37A86C6F28E37ADF001BE1C8 /* SwiftGen */ = {
			isa = PBXShellScriptBuildPhase;
			buildActionMask = 2147483647;
			files = (
			);
			inputFileListPaths = (
			);
			inputPaths = (
			);
			name = SwiftGen;
			outputFileListPaths = (
			);
			outputPaths = (
			);
			runOnlyForDeploymentPostprocessing = 0;
			shellPath = /bin/sh;
			shellScript = "#if [ -f \"${PODS_ROOT}/SwiftGen/bin/swiftgen\"]; then \"${PODS_ROOT}/SwiftGen/bin/swiftgen\"\n#else \n#    echo \"error SwiftGen not installed, download from https://github.com/SwiftGen/SwiftGen\"\n #   exit 1\n";
		};
		37EB509428B11E1400185E83 /* SwiftLint */ = {
			isa = PBXShellScriptBuildPhase;
			buildActionMask = 2147483647;
			files = (
			);
			inputFileListPaths = (
			);
			inputPaths = (
			);
			name = SwiftLint;
			outputFileListPaths = (
			);
			outputPaths = (
			);
			runOnlyForDeploymentPostprocessing = 0;
			shellPath = /bin/sh;
			shellScript = "# Type a script or drag a script file from your workspace to insert its path.\n#\"${PODS_ROOT}/SwiftLint/swiftlint\"\n";
		};
		5C0D67C6056833084FD5DCEA /* [CP] Embed Pods Frameworks */ = {
			isa = PBXShellScriptBuildPhase;
			buildActionMask = 2147483647;
			files = (
			);
			inputFileListPaths = (
				"${PODS_ROOT}/Target Support Files/Pods-Mart/Pods-Mart-frameworks-${CONFIGURATION}-input-files.xcfilelist",
			);
			name = "[CP] Embed Pods Frameworks";
			outputFileListPaths = (
				"${PODS_ROOT}/Target Support Files/Pods-Mart/Pods-Mart-frameworks-${CONFIGURATION}-output-files.xcfilelist",
			);
			runOnlyForDeploymentPostprocessing = 0;
			shellPath = /bin/sh;
			shellScript = "\"${PODS_ROOT}/Target Support Files/Pods-Mart/Pods-Mart-frameworks.sh\"\n";
			showEnvVarsInLog = 0;
		};
		F2ACBED85CB81A4A71195398 /* [CP] Check Pods Manifest.lock */ = {
			isa = PBXShellScriptBuildPhase;
			buildActionMask = 2147483647;
			files = (
			);
			inputFileListPaths = (
			);
			inputPaths = (
				"${PODS_PODFILE_DIR_PATH}/Podfile.lock",
				"${PODS_ROOT}/Manifest.lock",
			);
			name = "[CP] Check Pods Manifest.lock";
			outputFileListPaths = (
			);
			outputPaths = (
				"$(DERIVED_FILE_DIR)/Pods-Mart-MartTests-checkManifestLockResult.txt",
			);
			runOnlyForDeploymentPostprocessing = 0;
			shellPath = /bin/sh;
			shellScript = "diff \"${PODS_PODFILE_DIR_PATH}/Podfile.lock\" \"${PODS_ROOT}/Manifest.lock\" > /dev/null\nif [ $? != 0 ] ; then\n    # print error to STDERR\n    echo \"error: The sandbox is not in sync with the Podfile.lock. Run 'pod install' or update your CocoaPods installation.\" >&2\n    exit 1\nfi\n# This output is used by Xcode 'outputs' to avoid re-running this script phase.\necho \"SUCCESS\" > \"${SCRIPT_OUTPUT_FILE_0}\"\n";
			showEnvVarsInLog = 0;
		};
		F88843B501213140E24D734C /* [CP] Embed Pods Frameworks */ = {
			isa = PBXShellScriptBuildPhase;
			buildActionMask = 2147483647;
			files = (
			);
			inputFileListPaths = (
				"${PODS_ROOT}/Target Support Files/Pods-Mart-MartTests/Pods-Mart-MartTests-frameworks-${CONFIGURATION}-input-files.xcfilelist",
			);
			name = "[CP] Embed Pods Frameworks";
			outputFileListPaths = (
				"${PODS_ROOT}/Target Support Files/Pods-Mart-MartTests/Pods-Mart-MartTests-frameworks-${CONFIGURATION}-output-files.xcfilelist",
			);
			runOnlyForDeploymentPostprocessing = 0;
			shellPath = /bin/sh;
			shellScript = "\"${PODS_ROOT}/Target Support Files/Pods-Mart-MartTests/Pods-Mart-MartTests-frameworks.sh\"\n";
			showEnvVarsInLog = 0;
		};
/* End PBXShellScriptBuildPhase section */

/* Begin PBXSourcesBuildPhase section */
		37B2C27E28EE5E4400E8F6B4 /* Sources */ = {
			isa = PBXSourcesBuildPhase;
			buildActionMask = 2147483647;
			files = (
				37CDAC5F290F33530052C71F /* URLSessionMock.swift in Sources */,
				37CDAC55290F31050052C71F /* NetworkManagerTests.swift in Sources */,
				37CDAC4D290F304B0052C71F /* RouterTests.swift in Sources */,
				37CDAC5A290F31D90052C71F /* ParameterEncodingTests.swift in Sources */,
				37B2C29B28EE6E4800E8F6B4 /* LoginViewController.swift in Sources */,
				378CA00F28EF37EB003DE99F /* LoginViewTests.swift in Sources */,
				37CDAC58290F31950052C71F /* CategoriesEndpointTests.swift in Sources */,
				37B2C29528EE671800E8F6B4 /* Mirror+Extensions.swift in Sources */,
				37B2C29728EE693300E8F6B4 /* ButtonCellSpy.swift in Sources */,
				37CDAC5D290F33220052C71F /* URLSessionDataTaskSpy.swift in Sources */,
				37B2C28D28EE5F1500E8F6B4 /* UIButtonPreferencesTests.swift in Sources */,
				37CDAC61290F33810052C71F /* NetworkRouterMock.swift in Sources */,
				37B2C29E28EE6EBC00E8F6B4 /* LoginCoordinatorMock.swift in Sources */,
				37B2C28F28EE634200E8F6B4 /* SegmentedBarTests.swift in Sources */,
				37CDAC50290F30C00052C71F /* CategoriesJsonData.swift in Sources */,
				37B2C28528EE5E4400E8F6B4 /* BaseTests.swift in Sources */,
				37B2C29228EE652C00E8F6B4 /* ButtonCellTests.swift in Sources */,
			);
			runOnlyForDeploymentPostprocessing = 0;
		};
		37EB507828B11CD100185E83 /* Sources */ = {
			isa = PBXSourcesBuildPhase;
			buildActionMask = 2147483647;
			files = (
				3714E21229099EED00EC08C0 /* HTTPTask.swift in Sources */,
				3714E20929099E4D00EC08C0 /* NetworkManager.swift in Sources */,
				375DD4B6290D63840058C05B /* ProductsEndpoint.swift in Sources */,
				378CD49228ECA91E0047EE21 /* UITextField+Extensions.swift in Sources */,
				3740F96828EC9E8E00D0AC3F /* AddProductViewModel.swift in Sources */,
				379F4E7128E21F7000C703A4 /* ButtonCell.swift in Sources */,
				37E100A728D8A7D9008E461F /* EditProfileView.swift in Sources */,
				378DC46128C6888800461CBD /* ProductModel.swift in Sources */,
				37AF8DD928E8814100AD5693 /* StartupConfiguratorEntryPoint.swift in Sources */,
				37EB508428B11CD100185E83 /* LoginViewController.swift in Sources */,
				37E100A528D8A7D9008E461F /* EditProfileCoordinator.swift in Sources */,
				3714E20129099DBC00EC08C0 /* URLParameterEncoder.swift in Sources */,
				37A9C7D828CFBE5F0036FE76 /* HomeView.swift in Sources */,
				376BAD1F291555F200FD54D7 /* FavoriteButton.swift in Sources */,
				3798D68728BAB7E000887BC6 /* HomeViewModel.swift in Sources */,
				37BF25DC28B1349E00E0066A /* LoginView.swift in Sources */,
				3798D68428BAB7E000887BC6 /* HomeCoordinator.swift in Sources */,
				374A0E6F28EDDCF000D2D396 /* PhotoCell.swift in Sources */,
				378FE4CF28B123D20058B5F2 /* ViewCodable.swift in Sources */,
				3714E21A29099F5500EC08C0 /* AFRouter.swift in Sources */,
				379A1CC828B27E920090E451 /* UIColor+Extensions.swift in Sources */,
				377D35A428DA5A2C007BEA76 /* UITableViewCell+Extensions.swift in Sources */,
				3740F96728EC9E8E00D0AC3F /* AddProductView.swift in Sources */,
				376BABDC291438D500FD54D7 /* ProductDetailViewModel.swift in Sources */,
				3714E20E29099EBB00EC08C0 /* EndpointType.swift in Sources */,
				37C3B37F28CF780500CFA1EE /* HomeCollectionCell.swift in Sources */,
				37B466D228C3ECDF006C18D8 /* CheckoutCoordinator.swift in Sources */,
				3714E21029099ED900EC08C0 /* HTTPMethod.swift in Sources */,
				37B466D328C3ECDF006C18D8 /* CheckoutViewController.swift in Sources */,
				378CD49428ECA9620047EE21 /* UIPickerView.swift in Sources */,
				37B9C30828B54D7100134380 /* LoginCoordinator.swift in Sources */,
				37B7C13628D8DFB7003ADDBC /* InfoGroupView.swift in Sources */,
				37E100A628D8A7D9008E461F /* EditProfileViewController.swift in Sources */,
				374A0E6D28EDDCDC00D2D396 /* AddPhotoCell.swift in Sources */,
				378FE4D128B1257B0058B5F2 /* UIView+Extensions.swift in Sources */,
				378CD49028ECA8A30047EE21 /* RightIconTextField.swift in Sources */,
				37A07ADF28D12694006295FB /* HomeCollectionView.swift in Sources */,
				37D5C56F28E1D80600385B06 /* CustomTextFieldCell.swift in Sources */,
				37AF8DD328E87EB800AD5693 /* EntryPointFactory.swift in Sources */,
				37CDAD9A291069780052C71F /* SimpleScrollView.swift in Sources */,
				3714E20429099DF000EC08C0 /* CategoriesEndpoint.swift in Sources */,
				37852F5328CCE24A00DD2425 /* SegmentedBar.swift in Sources */,
				37E1009F28D8A7CA008E461F /* ProfileView.swift in Sources */,
				37E1009D28D8A7CA008E461F /* ProfileCoordinator.swift in Sources */,
				37B9C30228B5492F00134380 /* PreferencesSellViewController.swift in Sources */,
				37AF8DD728E87F9E00AD5693 /* FirebaseConfiguratorEntryPoint.swift in Sources */,
				374A0E6B28EDDAC000D2D396 /* CarouselPhotosCell.swift in Sources */,
				378FE4D328B125A50058B5F2 /* UIStackView+Extensions.swift in Sources */,
				37D5C56B28E1D6D800385B06 /* SimpleTextfieldCell.swift in Sources */,
				37B9C30428B54ABD00134380 /* PreferencesSellView.swift in Sources */,
				3740F95F28EC992700D0AC3F /* BaseViewTable.swift in Sources */,
				37EB508028B11CD100185E83 /* AppDelegate.swift in Sources */,
				3740F96628EC9E8E00D0AC3F /* AddProductViewController.swift in Sources */,
				373754F528C3F02B0060EF13 /* LineNavigationView.swift in Sources */,
				3798D68528BAB7E000887BC6 /* HomeViewController.swift in Sources */,
				37852F5128CCE1EE00DD2425 /* SearchBar.swift in Sources */,
				3740F96A28ECA79600D0AC3F /* SelectorCell.swift in Sources */,
				37A12C6228C7812C00E12950 /* DefaultViewController.swift in Sources */,
				37542B5828E4E35F000C8791 /* Strings.swift in Sources */,
				3714E1FF29099D9E00EC08C0 /* ParameterEncoding.swift in Sources */,
				3789949E28E361A900605063 /* MartStrings.swift in Sources */,
				37939A7728C6839E0077CF88 /* UIButton.Configuration+Extensions.swift in Sources */,
				37B3682328D9FB9C0044ED58 /* HeaderView.swift in Sources */,
				376BABDE291440DA00FD54D7 /* ProductDetailCoodinator.swift in Sources */,
				37CDAD942910668E0052C71F /* ProductDetailViewController.swift in Sources */,
				37CDAD96291066B70052C71F /* ProductDetailView.swift in Sources */,
				375DD4B4290D63480058C05B /* AuthEndpoint.swift in Sources */,
				375DD4B8290D63F50058C05B /* PreferencesSellViewModel.swift in Sources */,
				37AF8DD528E87EF500AD5693 /* CompositeEntryPoint.swift in Sources */,
				37B9C30628B54B4D00134380 /* PreferencesSellCoordinator.swift in Sources */,
				37E100A828D8A7D9008E461F /* EditProfileViewModel.swift in Sources */,
				378CA01128EF3FCC003DE99F /* SimpleTextViewCell.swift in Sources */,
				3714E1FD29099D7600EC08C0 /* JSONParameterEncoder.swift in Sources */,
				37D5C56D28E1D74400385B06 /* DoubleCustomTextFieldCell.swift in Sources */,
				378D30AD28D93C7400E021A8 /* EditProfile.swift in Sources */,
				37C3B38128CF7D4000CFA1EE /* UIImageView+Extensions.swift in Sources */,
				37F0D7E028C66A860018694A /* TableFooterView.swift in Sources */,
				37B7C13828D8E61B003ADDBC /* LabelValueView.swift in Sources */,
				374A0E7128EDE16600D2D396 /* UICollectionViewCell+Extensios.swift in Sources */,
				37AF8DDB28E881EE00AD5693 /* ApplicationCoordinator.swift in Sources */,
				37852F5528CCE6AE00DD2425 /* UIImage+Extensions.swift in Sources */,
				37B466D428C3ECDF006C18D8 /* CheckoutView.swift in Sources */,
				378994A028E362F000605063 /* BundleFinder.swift in Sources */,
				37B466D528C3ECDF006C18D8 /* CheckoutViewModel.swift in Sources */,
				3714E20629099E1800EC08C0 /* HomeEndpoint.swift in Sources */,
				37EB508228B11CD100185E83 /* SceneDelegate.swift in Sources */,
				37CE7FF128D91804009F04CC /* GrowButton.swift in Sources */,
				3714E21429099F0200EC08C0 /* NetworkEnvironment.swift in Sources */,
				3714E21829099F3300EC08C0 /* Router.swift in Sources */,
				37AEB5EE28BA6B8000987F56 /* UIButtonPreferences.swift in Sources */,
				37CDAD98291068FC0052C71F /* SellerView.swift in Sources */,
				3714E21629099F1800EC08C0 /* NetworkLogger.swift in Sources */,
				3740F96528EC9E8E00D0AC3F /* AddProductCoordinator.swift in Sources */,
				37E1009E28D8A7CA008E461F /* ProfileViewController.swift in Sources */,
				37E100A028D8A7CA008E461F /* ProfileViewModel.swift in Sources */,
				37F0D7E328C66BBF0018694A /* CheckoutTableViewCell.swift in Sources */,
				37DDF2DD28B287DF003205DE /* UIFont.swift in Sources */,
			);
			runOnlyForDeploymentPostprocessing = 0;
		};
/* End PBXSourcesBuildPhase section */

/* Begin PBXTargetDependency section */
		37B2C28728EE5E4400E8F6B4 /* PBXTargetDependency */ = {
			isa = PBXTargetDependency;
			target = 37EB507B28B11CD100185E83 /* Mart */;
			targetProxy = 37B2C28628EE5E4400E8F6B4 /* PBXContainerItemProxy */;
		};
/* End PBXTargetDependency section */

/* Begin PBXVariantGroup section */
		37542B5928E4E3D6000C8791 /* Localizable.strings */ = {
			isa = PBXVariantGroup;
			children = (
				37542B5A28E4E3D6000C8791 /* Base */,
			);
			name = Localizable.strings;
			sourceTree = "<group>";
		};
		37EB508A28B11CD100185E83 /* LaunchScreen.storyboard */ = {
			isa = PBXVariantGroup;
			children = (
				37EB508B28B11CD100185E83 /* Base */,
			);
			name = LaunchScreen.storyboard;
			sourceTree = "<group>";
		};
/* End PBXVariantGroup section */

/* Begin XCBuildConfiguration section */
		37B2C28928EE5E4400E8F6B4 /* Debug */ = {
			isa = XCBuildConfiguration;
			baseConfigurationReference = 2A24E7944AAAD3E30ED7BDB6 /* Pods-Mart-MartTests.debug.xcconfig */;
			buildSettings = {
				BUNDLE_LOADER = "$(TEST_HOST)";
				CLANG_CXX_LANGUAGE_STANDARD = "gnu++20";
				CODE_SIGN_STYLE = Automatic;
				CURRENT_PROJECT_VERSION = 1;
				GENERATE_INFOPLIST_FILE = YES;
				IPHONEOS_DEPLOYMENT_TARGET = 16.0;
				MARKETING_VERSION = 1.0;
				PRODUCT_BUNDLE_IDENTIFIER = jackeline.lima.MartTests;
				PRODUCT_NAME = "$(TARGET_NAME)";
				SWIFT_EMIT_LOC_STRINGS = NO;
				SWIFT_VERSION = 5.0;
				TARGETED_DEVICE_FAMILY = "1,2";
				TEST_HOST = "$(BUILT_PRODUCTS_DIR)/Mart.app/$(BUNDLE_EXECUTABLE_FOLDER_PATH)/Mart";
			};
			name = Debug;
		};
		37B2C28A28EE5E4400E8F6B4 /* Release */ = {
			isa = XCBuildConfiguration;
			baseConfigurationReference = 38639C08669BFEE62911DC5F /* Pods-Mart-MartTests.release.xcconfig */;
			buildSettings = {
				BUNDLE_LOADER = "$(TEST_HOST)";
				CLANG_CXX_LANGUAGE_STANDARD = "gnu++20";
				CODE_SIGN_STYLE = Automatic;
				CURRENT_PROJECT_VERSION = 1;
				GENERATE_INFOPLIST_FILE = YES;
				IPHONEOS_DEPLOYMENT_TARGET = 16.0;
				MARKETING_VERSION = 1.0;
				PRODUCT_BUNDLE_IDENTIFIER = jackeline.lima.MartTests;
				PRODUCT_NAME = "$(TARGET_NAME)";
				SWIFT_EMIT_LOC_STRINGS = NO;
				SWIFT_VERSION = 5.0;
				TARGETED_DEVICE_FAMILY = "1,2";
				TEST_HOST = "$(BUILT_PRODUCTS_DIR)/Mart.app/$(BUNDLE_EXECUTABLE_FOLDER_PATH)/Mart";
			};
			name = Release;
		};
		37DDAD8729143555004851D5 /* Mock */ = {
			isa = XCBuildConfiguration;
			buildSettings = {
				ALWAYS_SEARCH_USER_PATHS = NO;
				CLANG_ANALYZER_NONNULL = YES;
				CLANG_ANALYZER_NUMBER_OBJECT_CONVERSION = YES_AGGRESSIVE;
				CLANG_CXX_LANGUAGE_STANDARD = "gnu++17";
				CLANG_ENABLE_MODULES = YES;
				CLANG_ENABLE_OBJC_ARC = YES;
				CLANG_ENABLE_OBJC_WEAK = YES;
				CLANG_WARN_BLOCK_CAPTURE_AUTORELEASING = YES;
				CLANG_WARN_BOOL_CONVERSION = YES;
				CLANG_WARN_COMMA = YES;
				CLANG_WARN_CONSTANT_CONVERSION = YES;
				CLANG_WARN_DEPRECATED_OBJC_IMPLEMENTATIONS = YES;
				CLANG_WARN_DIRECT_OBJC_ISA_USAGE = YES_ERROR;
				CLANG_WARN_DOCUMENTATION_COMMENTS = YES;
				CLANG_WARN_EMPTY_BODY = YES;
				CLANG_WARN_ENUM_CONVERSION = YES;
				CLANG_WARN_INFINITE_RECURSION = YES;
				CLANG_WARN_INT_CONVERSION = YES;
				CLANG_WARN_NON_LITERAL_NULL_CONVERSION = YES;
				CLANG_WARN_OBJC_IMPLICIT_RETAIN_SELF = YES;
				CLANG_WARN_OBJC_LITERAL_CONVERSION = YES;
				CLANG_WARN_OBJC_ROOT_CLASS = YES_ERROR;
				CLANG_WARN_QUOTED_INCLUDE_IN_FRAMEWORK_HEADER = YES;
				CLANG_WARN_RANGE_LOOP_ANALYSIS = YES;
				CLANG_WARN_STRICT_PROTOTYPES = YES;
				CLANG_WARN_SUSPICIOUS_MOVE = YES;
				CLANG_WARN_UNGUARDED_AVAILABILITY = YES_AGGRESSIVE;
				CLANG_WARN_UNREACHABLE_CODE = YES;
				CLANG_WARN__DUPLICATE_METHOD_MATCH = YES;
				COPY_PHASE_STRIP = NO;
				DEBUG_INFORMATION_FORMAT = "dwarf-with-dsym";
				ENABLE_NS_ASSERTIONS = NO;
				ENABLE_STRICT_OBJC_MSGSEND = YES;
				GCC_C_LANGUAGE_STANDARD = gnu11;
				GCC_NO_COMMON_BLOCKS = YES;
				GCC_WARN_64_TO_32_BIT_CONVERSION = YES;
				GCC_WARN_ABOUT_RETURN_TYPE = YES_ERROR;
				GCC_WARN_UNDECLARED_SELECTOR = YES;
				GCC_WARN_UNINITIALIZED_AUTOS = YES_AGGRESSIVE;
				GCC_WARN_UNUSED_FUNCTION = YES;
				GCC_WARN_UNUSED_VARIABLE = YES;
				IPHONEOS_DEPLOYMENT_TARGET = 15.5;
				MTL_ENABLE_DEBUG_INFO = NO;
				MTL_FAST_MATH = YES;
				SDKROOT = iphoneos;
				SWIFT_COMPILATION_MODE = wholemodule;
				SWIFT_OPTIMIZATION_LEVEL = "-O";
				VALIDATE_PRODUCT = YES;
			};
			name = Mock;
		};
		37DDAD8829143555004851D5 /* Mock */ = {
			isa = XCBuildConfiguration;
			baseConfigurationReference = EF87CDA58829EB81C31ADF5A /* Pods-Mart.mock.xcconfig */;
			buildSettings = {
				ASSETCATALOG_COMPILER_APPICON_NAME = AppIcon;
				ASSETCATALOG_COMPILER_GLOBAL_ACCENT_COLOR_NAME = AccentColor;
				CODE_SIGN_IDENTITY = "Apple Development";
				CODE_SIGN_STYLE = Automatic;
				CURRENT_PROJECT_VERSION = 1;
				CURRENT_SCHEME_NAME = Mock;
				DEVELOPMENT_TEAM = XJCQGGA77M;
				GENERATE_INFOPLIST_FILE = YES;
				INFOPLIST_FILE = Mart/Info.plist;
				INFOPLIST_KEY_UIApplicationSupportsIndirectInputEvents = YES;
				INFOPLIST_KEY_UILaunchStoryboardName = LaunchScreen;
				INFOPLIST_KEY_UISupportedInterfaceOrientations_iPad = "UIInterfaceOrientationPortrait UIInterfaceOrientationPortraitUpsideDown UIInterfaceOrientationLandscapeLeft UIInterfaceOrientationLandscapeRight";
				INFOPLIST_KEY_UISupportedInterfaceOrientations_iPhone = "UIInterfaceOrientationPortrait UIInterfaceOrientationLandscapeLeft UIInterfaceOrientationLandscapeRight";
				IPHONEOS_DEPLOYMENT_TARGET = 15.0;
				LD_RUNPATH_SEARCH_PATHS = (
					"$(inherited)",
					"@executable_path/Frameworks",
				);
				MARKETING_VERSION = 1.0;
				PRODUCT_BUNDLE_IDENTIFIER = mart.Mart;
				PRODUCT_NAME = "$(TARGET_NAME)";
				PROVISIONING_PROFILE_SPECIFIER = "";
				SWIFT_EMIT_LOC_STRINGS = YES;
				SWIFT_VERSION = 5.0;
				TARGETED_DEVICE_FAMILY = 1;
			};
			name = Mock;
		};
		37DDAD8929143555004851D5 /* Mock */ = {
			isa = XCBuildConfiguration;
			baseConfigurationReference = 7AED3E0325FF3F8F67157DF6 /* Pods-Mart-MartTests.mock.xcconfig */;
			buildSettings = {
				BUNDLE_LOADER = "$(TEST_HOST)";
				CLANG_CXX_LANGUAGE_STANDARD = "gnu++20";
				CODE_SIGN_STYLE = Automatic;
				CURRENT_PROJECT_VERSION = 1;
				GENERATE_INFOPLIST_FILE = YES;
				IPHONEOS_DEPLOYMENT_TARGET = 16.0;
				MARKETING_VERSION = 1.0;
				PRODUCT_BUNDLE_IDENTIFIER = jackeline.lima.MartTests;
				PRODUCT_NAME = "$(TARGET_NAME)";
				SWIFT_EMIT_LOC_STRINGS = NO;
				SWIFT_VERSION = 5.0;
				TARGETED_DEVICE_FAMILY = "1,2";
				TEST_HOST = "$(BUILT_PRODUCTS_DIR)/Mart.app/$(BUNDLE_EXECUTABLE_FOLDER_PATH)/Mart";
			};
			name = Mock;
		};
		37EB508E28B11CD100185E83 /* Debug */ = {
			isa = XCBuildConfiguration;
			buildSettings = {
				ALWAYS_SEARCH_USER_PATHS = NO;
				CLANG_ANALYZER_NONNULL = YES;
				CLANG_ANALYZER_NUMBER_OBJECT_CONVERSION = YES_AGGRESSIVE;
				CLANG_CXX_LANGUAGE_STANDARD = "gnu++17";
				CLANG_ENABLE_MODULES = YES;
				CLANG_ENABLE_OBJC_ARC = YES;
				CLANG_ENABLE_OBJC_WEAK = YES;
				CLANG_WARN_BLOCK_CAPTURE_AUTORELEASING = YES;
				CLANG_WARN_BOOL_CONVERSION = YES;
				CLANG_WARN_COMMA = YES;
				CLANG_WARN_CONSTANT_CONVERSION = YES;
				CLANG_WARN_DEPRECATED_OBJC_IMPLEMENTATIONS = YES;
				CLANG_WARN_DIRECT_OBJC_ISA_USAGE = YES_ERROR;
				CLANG_WARN_DOCUMENTATION_COMMENTS = YES;
				CLANG_WARN_EMPTY_BODY = YES;
				CLANG_WARN_ENUM_CONVERSION = YES;
				CLANG_WARN_INFINITE_RECURSION = YES;
				CLANG_WARN_INT_CONVERSION = YES;
				CLANG_WARN_NON_LITERAL_NULL_CONVERSION = YES;
				CLANG_WARN_OBJC_IMPLICIT_RETAIN_SELF = YES;
				CLANG_WARN_OBJC_LITERAL_CONVERSION = YES;
				CLANG_WARN_OBJC_ROOT_CLASS = YES_ERROR;
				CLANG_WARN_QUOTED_INCLUDE_IN_FRAMEWORK_HEADER = YES;
				CLANG_WARN_RANGE_LOOP_ANALYSIS = YES;
				CLANG_WARN_STRICT_PROTOTYPES = YES;
				CLANG_WARN_SUSPICIOUS_MOVE = YES;
				CLANG_WARN_UNGUARDED_AVAILABILITY = YES_AGGRESSIVE;
				CLANG_WARN_UNREACHABLE_CODE = YES;
				CLANG_WARN__DUPLICATE_METHOD_MATCH = YES;
				COPY_PHASE_STRIP = NO;
				DEBUG_INFORMATION_FORMAT = dwarf;
				ENABLE_STRICT_OBJC_MSGSEND = YES;
				ENABLE_TESTABILITY = YES;
				GCC_C_LANGUAGE_STANDARD = gnu11;
				GCC_DYNAMIC_NO_PIC = NO;
				GCC_NO_COMMON_BLOCKS = YES;
				GCC_OPTIMIZATION_LEVEL = 0;
				GCC_PREPROCESSOR_DEFINITIONS = (
					"DEBUG=1",
					"$(inherited)",
				);
				GCC_WARN_64_TO_32_BIT_CONVERSION = YES;
				GCC_WARN_ABOUT_RETURN_TYPE = YES_ERROR;
				GCC_WARN_UNDECLARED_SELECTOR = YES;
				GCC_WARN_UNINITIALIZED_AUTOS = YES_AGGRESSIVE;
				GCC_WARN_UNUSED_FUNCTION = YES;
				GCC_WARN_UNUSED_VARIABLE = YES;
				IPHONEOS_DEPLOYMENT_TARGET = 15.5;
				MTL_ENABLE_DEBUG_INFO = INCLUDE_SOURCE;
				MTL_FAST_MATH = YES;
				ONLY_ACTIVE_ARCH = YES;
				SDKROOT = iphoneos;
				SWIFT_ACTIVE_COMPILATION_CONDITIONS = DEBUG;
				SWIFT_OPTIMIZATION_LEVEL = "-Onone";
			};
			name = Debug;
		};
		37EB508F28B11CD100185E83 /* Release */ = {
			isa = XCBuildConfiguration;
			buildSettings = {
				ALWAYS_SEARCH_USER_PATHS = NO;
				CLANG_ANALYZER_NONNULL = YES;
				CLANG_ANALYZER_NUMBER_OBJECT_CONVERSION = YES_AGGRESSIVE;
				CLANG_CXX_LANGUAGE_STANDARD = "gnu++17";
				CLANG_ENABLE_MODULES = YES;
				CLANG_ENABLE_OBJC_ARC = YES;
				CLANG_ENABLE_OBJC_WEAK = YES;
				CLANG_WARN_BLOCK_CAPTURE_AUTORELEASING = YES;
				CLANG_WARN_BOOL_CONVERSION = YES;
				CLANG_WARN_COMMA = YES;
				CLANG_WARN_CONSTANT_CONVERSION = YES;
				CLANG_WARN_DEPRECATED_OBJC_IMPLEMENTATIONS = YES;
				CLANG_WARN_DIRECT_OBJC_ISA_USAGE = YES_ERROR;
				CLANG_WARN_DOCUMENTATION_COMMENTS = YES;
				CLANG_WARN_EMPTY_BODY = YES;
				CLANG_WARN_ENUM_CONVERSION = YES;
				CLANG_WARN_INFINITE_RECURSION = YES;
				CLANG_WARN_INT_CONVERSION = YES;
				CLANG_WARN_NON_LITERAL_NULL_CONVERSION = YES;
				CLANG_WARN_OBJC_IMPLICIT_RETAIN_SELF = YES;
				CLANG_WARN_OBJC_LITERAL_CONVERSION = YES;
				CLANG_WARN_OBJC_ROOT_CLASS = YES_ERROR;
				CLANG_WARN_QUOTED_INCLUDE_IN_FRAMEWORK_HEADER = YES;
				CLANG_WARN_RANGE_LOOP_ANALYSIS = YES;
				CLANG_WARN_STRICT_PROTOTYPES = YES;
				CLANG_WARN_SUSPICIOUS_MOVE = YES;
				CLANG_WARN_UNGUARDED_AVAILABILITY = YES_AGGRESSIVE;
				CLANG_WARN_UNREACHABLE_CODE = YES;
				CLANG_WARN__DUPLICATE_METHOD_MATCH = YES;
				COPY_PHASE_STRIP = NO;
				DEBUG_INFORMATION_FORMAT = "dwarf-with-dsym";
				ENABLE_NS_ASSERTIONS = NO;
				ENABLE_STRICT_OBJC_MSGSEND = YES;
				GCC_C_LANGUAGE_STANDARD = gnu11;
				GCC_NO_COMMON_BLOCKS = YES;
				GCC_WARN_64_TO_32_BIT_CONVERSION = YES;
				GCC_WARN_ABOUT_RETURN_TYPE = YES_ERROR;
				GCC_WARN_UNDECLARED_SELECTOR = YES;
				GCC_WARN_UNINITIALIZED_AUTOS = YES_AGGRESSIVE;
				GCC_WARN_UNUSED_FUNCTION = YES;
				GCC_WARN_UNUSED_VARIABLE = YES;
				IPHONEOS_DEPLOYMENT_TARGET = 15.5;
				MTL_ENABLE_DEBUG_INFO = NO;
				MTL_FAST_MATH = YES;
				SDKROOT = iphoneos;
				SWIFT_COMPILATION_MODE = wholemodule;
				SWIFT_OPTIMIZATION_LEVEL = "-O";
				VALIDATE_PRODUCT = YES;
			};
			name = Release;
		};
		37EB509128B11CD100185E83 /* Debug */ = {
			isa = XCBuildConfiguration;
			baseConfigurationReference = 53EB52F8ADBE15D7C6615CD2 /* Pods-Mart.debug.xcconfig */;
			buildSettings = {
				ASSETCATALOG_COMPILER_APPICON_NAME = AppIcon;
				ASSETCATALOG_COMPILER_GLOBAL_ACCENT_COLOR_NAME = AccentColor;
				CODE_SIGN_IDENTITY = "Apple Development";
				CODE_SIGN_STYLE = Automatic;
				CURRENT_PROJECT_VERSION = 1;
				CURRENT_SCHEME_NAME = Debug;
				DEVELOPMENT_TEAM = XJCQGGA77M;
				GENERATE_INFOPLIST_FILE = YES;
				INFOPLIST_FILE = Mart/Info.plist;
				INFOPLIST_KEY_UIApplicationSupportsIndirectInputEvents = YES;
				INFOPLIST_KEY_UILaunchStoryboardName = LaunchScreen;
				INFOPLIST_KEY_UISupportedInterfaceOrientations_iPad = "UIInterfaceOrientationPortrait UIInterfaceOrientationPortraitUpsideDown UIInterfaceOrientationLandscapeLeft UIInterfaceOrientationLandscapeRight";
				INFOPLIST_KEY_UISupportedInterfaceOrientations_iPhone = "UIInterfaceOrientationPortrait UIInterfaceOrientationLandscapeLeft UIInterfaceOrientationLandscapeRight";
				IPHONEOS_DEPLOYMENT_TARGET = 15.0;
				LD_RUNPATH_SEARCH_PATHS = (
					"$(inherited)",
					"@executable_path/Frameworks",
				);
				MARKETING_VERSION = 1.0;
				PRODUCT_BUNDLE_IDENTIFIER = mart.Mart;
				PRODUCT_NAME = "$(TARGET_NAME)";
				PROVISIONING_PROFILE_SPECIFIER = "";
				SWIFT_EMIT_LOC_STRINGS = YES;
				SWIFT_VERSION = 5.0;
				TARGETED_DEVICE_FAMILY = 1;
			};
			name = Debug;
		};
		37EB509228B11CD100185E83 /* Release */ = {
			isa = XCBuildConfiguration;
			baseConfigurationReference = BD71B4B3A23AD38608AC8EB9 /* Pods-Mart.release.xcconfig */;
			buildSettings = {
				ASSETCATALOG_COMPILER_APPICON_NAME = AppIcon;
				ASSETCATALOG_COMPILER_GLOBAL_ACCENT_COLOR_NAME = AccentColor;
				CODE_SIGN_IDENTITY = "Apple Development";
				CODE_SIGN_STYLE = Automatic;
				CURRENT_PROJECT_VERSION = 1;
				CURRENT_SCHEME_NAME = Release;
				DEVELOPMENT_TEAM = XJCQGGA77M;
				GENERATE_INFOPLIST_FILE = YES;
				INFOPLIST_FILE = Mart/Info.plist;
				INFOPLIST_KEY_UIApplicationSupportsIndirectInputEvents = YES;
				INFOPLIST_KEY_UILaunchStoryboardName = LaunchScreen;
				INFOPLIST_KEY_UISupportedInterfaceOrientations_iPad = "UIInterfaceOrientationPortrait UIInterfaceOrientationPortraitUpsideDown UIInterfaceOrientationLandscapeLeft UIInterfaceOrientationLandscapeRight";
				INFOPLIST_KEY_UISupportedInterfaceOrientations_iPhone = "UIInterfaceOrientationPortrait UIInterfaceOrientationLandscapeLeft UIInterfaceOrientationLandscapeRight";
				IPHONEOS_DEPLOYMENT_TARGET = 15.0;
				LD_RUNPATH_SEARCH_PATHS = (
					"$(inherited)",
					"@executable_path/Frameworks",
				);
				MARKETING_VERSION = 1.0;
				PRODUCT_BUNDLE_IDENTIFIER = mart.Mart;
				PRODUCT_NAME = "$(TARGET_NAME)";
				PROVISIONING_PROFILE_SPECIFIER = "";
				SWIFT_EMIT_LOC_STRINGS = YES;
				SWIFT_VERSION = 5.0;
				TARGETED_DEVICE_FAMILY = 1;
			};
			name = Release;
		};
/* End XCBuildConfiguration section */

/* Begin XCConfigurationList section */
		37B2C28828EE5E4400E8F6B4 /* Build configuration list for PBXNativeTarget "MartTests" */ = {
			isa = XCConfigurationList;
			buildConfigurations = (
				37B2C28928EE5E4400E8F6B4 /* Debug */,
				37B2C28A28EE5E4400E8F6B4 /* Release */,
				37DDAD8929143555004851D5 /* Mock */,
			);
			defaultConfigurationIsVisible = 0;
			defaultConfigurationName = Release;
		};
		37EB507728B11CD100185E83 /* Build configuration list for PBXProject "Mart" */ = {
			isa = XCConfigurationList;
			buildConfigurations = (
				37EB508E28B11CD100185E83 /* Debug */,
				37EB508F28B11CD100185E83 /* Release */,
				37DDAD8729143555004851D5 /* Mock */,
			);
			defaultConfigurationIsVisible = 0;
			defaultConfigurationName = Release;
		};
		37EB509028B11CD100185E83 /* Build configuration list for PBXNativeTarget "Mart" */ = {
			isa = XCConfigurationList;
			buildConfigurations = (
				37EB509128B11CD100185E83 /* Debug */,
				37EB509228B11CD100185E83 /* Release */,
				37DDAD8829143555004851D5 /* Mock */,
			);
			defaultConfigurationIsVisible = 0;
			defaultConfigurationName = Release;
		};
/* End XCConfigurationList section */
	};
	rootObject = 37EB507428B11CD100185E83 /* Project object */;
}
