// !$*UTF8*$!
{
	archiveVersion = 1;
	classes = {
	};
	objectVersion = 55;
	objects = {

/* Begin PBXBuildFile section */
		01626404319BE44FEDB4680C /* Pods_Mart.framework in Frameworks */ = {isa = PBXBuildFile; fileRef = F13348DAD6A8766C103AED09 /* Pods_Mart.framework */; };
		373754F528C3F02B0060EF13 /* LineNavigationView.swift in Sources */ = {isa = PBXBuildFile; fileRef = 373754F428C3F02B0060EF13 /* LineNavigationView.swift */; };
		37852F5128CCE1EE00DD2425 /* SearchBar.swift in Sources */ = {isa = PBXBuildFile; fileRef = 37852F5028CCE1EE00DD2425 /* SearchBar.swift */; };
		37852F5328CCE24A00DD2425 /* SegmentedBar.swift in Sources */ = {isa = PBXBuildFile; fileRef = 37852F5228CCE24A00DD2425 /* SegmentedBar.swift */; };
		37852F5528CCE6AE00DD2425 /* UIImage+Extensions.swift in Sources */ = {isa = PBXBuildFile; fileRef = 37852F5428CCE6AE00DD2425 /* UIImage+Extensions.swift */; };
		378DC46128C6888800461CBD /* ProductModel.swift in Sources */ = {isa = PBXBuildFile; fileRef = 378DC46028C6888800461CBD /* ProductModel.swift */; };
		378FE4CF28B123D20058B5F2 /* ViewCodable.swift in Sources */ = {isa = PBXBuildFile; fileRef = 378FE4CE28B123D20058B5F2 /* ViewCodable.swift */; };
		378FE4D128B1257B0058B5F2 /* UIView+Extensions.swift in Sources */ = {isa = PBXBuildFile; fileRef = 378FE4D028B1257B0058B5F2 /* UIView+Extensions.swift */; };
		378FE4D328B125A50058B5F2 /* UIStackView+Extensions.swift in Sources */ = {isa = PBXBuildFile; fileRef = 378FE4D228B125A50058B5F2 /* UIStackView+Extensions.swift */; };
		37939A7728C6839E0077CF88 /* UIButton.Configuration+Extensions.swift in Sources */ = {isa = PBXBuildFile; fileRef = 37939A7628C6839D0077CF88 /* UIButton.Configuration+Extensions.swift */; };
		3798D68428BAB7E000887BC6 /* HomeCoordinator.swift in Sources */ = {isa = PBXBuildFile; fileRef = 3798D68028BAB7E000887BC6 /* HomeCoordinator.swift */; };
		3798D68528BAB7E000887BC6 /* HomeViewController.swift in Sources */ = {isa = PBXBuildFile; fileRef = 3798D68128BAB7E000887BC6 /* HomeViewController.swift */; };
		3798D68628BAB7E000887BC6 /* HomeView.swift in Sources */ = {isa = PBXBuildFile; fileRef = 3798D68228BAB7E000887BC6 /* HomeView.swift */; };
		3798D68728BAB7E000887BC6 /* HomeViewModel.swift in Sources */ = {isa = PBXBuildFile; fileRef = 3798D68328BAB7E000887BC6 /* HomeViewModel.swift */; };
		379A1CC828B27E920090E451 /* UIColor+Extensions.swift in Sources */ = {isa = PBXBuildFile; fileRef = 379A1CC728B27E920090E451 /* UIColor+Extensions.swift */; };
		37A07ADF28D12694006295FB /* HomeCollectionView.swift in Sources */ = {isa = PBXBuildFile; fileRef = 37A07ADE28D12694006295FB /* HomeCollectionView.swift */; };
		37A12C6228C7812C00E12950 /* DefaultViewController.swift in Sources */ = {isa = PBXBuildFile; fileRef = 37A12C6128C7812C00E12950 /* DefaultViewController.swift */; };
		37A9C7D828CFBE5F0036FE76 /* HomeView2.swift in Sources */ = {isa = PBXBuildFile; fileRef = 37A9C7D428CFBE5E0036FE76 /* HomeView2.swift */; };
		37AEB5EE28BA6B8000987F56 /* UIButtonPreferences.swift in Sources */ = {isa = PBXBuildFile; fileRef = 37AEB5ED28BA6B8000987F56 /* UIButtonPreferences.swift */; };
		37B466D228C3ECDF006C18D8 /* CheckoutCoordinator.swift in Sources */ = {isa = PBXBuildFile; fileRef = 37B466CE28C3ECDF006C18D8 /* CheckoutCoordinator.swift */; };
		37B466D328C3ECDF006C18D8 /* CheckoutViewController.swift in Sources */ = {isa = PBXBuildFile; fileRef = 37B466CF28C3ECDF006C18D8 /* CheckoutViewController.swift */; };
		37B466D428C3ECDF006C18D8 /* CheckoutView.swift in Sources */ = {isa = PBXBuildFile; fileRef = 37B466D028C3ECDF006C18D8 /* CheckoutView.swift */; };
		37B466D528C3ECDF006C18D8 /* CheckoutViewModel.swift in Sources */ = {isa = PBXBuildFile; fileRef = 37B466D128C3ECDF006C18D8 /* CheckoutViewModel.swift */; };
		37B7C13628D8DFB7003ADDBC /* InfoGroupView.swift in Sources */ = {isa = PBXBuildFile; fileRef = 37B7C13528D8DFB7003ADDBC /* InfoGroupView.swift */; };
		37B7C13828D8E61B003ADDBC /* LabelValueView.swift in Sources */ = {isa = PBXBuildFile; fileRef = 37B7C13728D8E61B003ADDBC /* LabelValueView.swift */; };
		37B9C30228B5492F00134380 /* PreferencesSellViewController.swift in Sources */ = {isa = PBXBuildFile; fileRef = 37B9C30128B5492F00134380 /* PreferencesSellViewController.swift */; };
		37B9C30428B54ABD00134380 /* PreferencesSellView.swift in Sources */ = {isa = PBXBuildFile; fileRef = 37B9C30328B54ABD00134380 /* PreferencesSellView.swift */; };
		37B9C30628B54B4D00134380 /* PreferencesSellCoordinator.swift in Sources */ = {isa = PBXBuildFile; fileRef = 37B9C30528B54B4D00134380 /* PreferencesSellCoordinator.swift */; };
		37B9C30828B54D7100134380 /* LoginCoordinator.swift in Sources */ = {isa = PBXBuildFile; fileRef = 37B9C30728B54D7100134380 /* LoginCoordinator.swift */; };
		37BF25DC28B1349E00E0066A /* LoginView.swift in Sources */ = {isa = PBXBuildFile; fileRef = 37BF25DB28B1349E00E0066A /* LoginView.swift */; };
		37C3B37F28CF780500CFA1EE /* HomeCollectionCell.swift in Sources */ = {isa = PBXBuildFile; fileRef = 37C3B37E28CF780500CFA1EE /* HomeCollectionCell.swift */; };
		37C3B38128CF7D4000CFA1EE /* UIImageView+Extensions.swift in Sources */ = {isa = PBXBuildFile; fileRef = 37C3B38028CF7D3F00CFA1EE /* UIImageView+Extensions.swift */; };
		37CE7FF128D91804009F04CC /* GrowButton.swift in Sources */ = {isa = PBXBuildFile; fileRef = 37CE7FF028D91804009F04CC /* GrowButton.swift */; };
		37DDF2D328B286B5003205DE /* Nunito-SemiBold.ttf in Resources */ = {isa = PBXBuildFile; fileRef = 37DDF2D228B286B5003205DE /* Nunito-SemiBold.ttf */; };
		37DDF2D528B286D1003205DE /* Nunito-ExtraBold.ttf in Resources */ = {isa = PBXBuildFile; fileRef = 37DDF2D428B286D1003205DE /* Nunito-ExtraBold.ttf */; };
		37DDF2D728B28707003205DE /* Nunito-Medium.ttf in Resources */ = {isa = PBXBuildFile; fileRef = 37DDF2D628B28707003205DE /* Nunito-Medium.ttf */; };
		37DDF2D928B28716003205DE /* Nunito-Regular.ttf in Resources */ = {isa = PBXBuildFile; fileRef = 37DDF2D828B28716003205DE /* Nunito-Regular.ttf */; };
		37DDF2DB28B28750003205DE /* Nunito-Bold.ttf in Resources */ = {isa = PBXBuildFile; fileRef = 37DDF2DA28B28750003205DE /* Nunito-Bold.ttf */; };
		37DDF2DD28B287DF003205DE /* UIFont.swift in Sources */ = {isa = PBXBuildFile; fileRef = 37DDF2DC28B287DF003205DE /* UIFont.swift */; };
		37E1009D28D8A7CA008E461F /* ProfileCoordinator.swift in Sources */ = {isa = PBXBuildFile; fileRef = 37E1009928D8A7CA008E461F /* ProfileCoordinator.swift */; };
		37E1009E28D8A7CA008E461F /* ProfileViewController.swift in Sources */ = {isa = PBXBuildFile; fileRef = 37E1009A28D8A7CA008E461F /* ProfileViewController.swift */; };
		37E1009F28D8A7CA008E461F /* ProfileView.swift in Sources */ = {isa = PBXBuildFile; fileRef = 37E1009B28D8A7CA008E461F /* ProfileView.swift */; };
		37E100A028D8A7CA008E461F /* ProfileViewModel.swift in Sources */ = {isa = PBXBuildFile; fileRef = 37E1009C28D8A7CA008E461F /* ProfileViewModel.swift */; };
		37E100A528D8A7D9008E461F /* EditProfileCoordinator.swift in Sources */ = {isa = PBXBuildFile; fileRef = 37E100A128D8A7D9008E461F /* EditProfileCoordinator.swift */; };
		37E100A628D8A7D9008E461F /* EditProfileViewController.swift in Sources */ = {isa = PBXBuildFile; fileRef = 37E100A228D8A7D9008E461F /* EditProfileViewController.swift */; };
		37E100A728D8A7D9008E461F /* EditProfileView.swift in Sources */ = {isa = PBXBuildFile; fileRef = 37E100A328D8A7D9008E461F /* EditProfileView.swift */; };
		37E100A828D8A7D9008E461F /* EditProfileViewModel.swift in Sources */ = {isa = PBXBuildFile; fileRef = 37E100A428D8A7D9008E461F /* EditProfileViewModel.swift */; };
		37EB508028B11CD100185E83 /* AppDelegate.swift in Sources */ = {isa = PBXBuildFile; fileRef = 37EB507F28B11CD100185E83 /* AppDelegate.swift */; };
		37EB508228B11CD100185E83 /* SceneDelegate.swift in Sources */ = {isa = PBXBuildFile; fileRef = 37EB508128B11CD100185E83 /* SceneDelegate.swift */; };
		37EB508428B11CD100185E83 /* LoginViewController.swift in Sources */ = {isa = PBXBuildFile; fileRef = 37EB508328B11CD100185E83 /* LoginViewController.swift */; };
		37EB508928B11CD100185E83 /* Assets.xcassets in Resources */ = {isa = PBXBuildFile; fileRef = 37EB508828B11CD100185E83 /* Assets.xcassets */; };
		37EB508C28B11CD100185E83 /* LaunchScreen.storyboard in Resources */ = {isa = PBXBuildFile; fileRef = 37EB508A28B11CD100185E83 /* LaunchScreen.storyboard */; };
		37F0D7E028C66A860018694A /* TableFooterView.swift in Sources */ = {isa = PBXBuildFile; fileRef = 37F0D7DF28C66A860018694A /* TableFooterView.swift */; };
		37F0D7E328C66BBF0018694A /* CheckoutTableViewCell.swift in Sources */ = {isa = PBXBuildFile; fileRef = 37F0D7E228C66BBF0018694A /* CheckoutTableViewCell.swift */; };
/* End PBXBuildFile section */

/* Begin PBXFileReference section */
		373754F428C3F02B0060EF13 /* LineNavigationView.swift */ = {isa = PBXFileReference; lastKnownFileType = sourcecode.swift; path = LineNavigationView.swift; sourceTree = "<group>"; };
		37852F5028CCE1EE00DD2425 /* SearchBar.swift */ = {isa = PBXFileReference; lastKnownFileType = sourcecode.swift; path = SearchBar.swift; sourceTree = "<group>"; };
		37852F5228CCE24A00DD2425 /* SegmentedBar.swift */ = {isa = PBXFileReference; lastKnownFileType = sourcecode.swift; path = SegmentedBar.swift; sourceTree = "<group>"; };
		37852F5428CCE6AE00DD2425 /* UIImage+Extensions.swift */ = {isa = PBXFileReference; lastKnownFileType = sourcecode.swift; path = "UIImage+Extensions.swift"; sourceTree = "<group>"; };
		378DC46028C6888800461CBD /* ProductModel.swift */ = {isa = PBXFileReference; lastKnownFileType = sourcecode.swift; path = ProductModel.swift; sourceTree = "<group>"; };
		378FE4CE28B123D20058B5F2 /* ViewCodable.swift */ = {isa = PBXFileReference; lastKnownFileType = sourcecode.swift; path = ViewCodable.swift; sourceTree = "<group>"; };
		378FE4D028B1257B0058B5F2 /* UIView+Extensions.swift */ = {isa = PBXFileReference; lastKnownFileType = sourcecode.swift; path = "UIView+Extensions.swift"; sourceTree = "<group>"; };
		378FE4D228B125A50058B5F2 /* UIStackView+Extensions.swift */ = {isa = PBXFileReference; lastKnownFileType = sourcecode.swift; path = "UIStackView+Extensions.swift"; sourceTree = "<group>"; };
		37939A7628C6839D0077CF88 /* UIButton.Configuration+Extensions.swift */ = {isa = PBXFileReference; lastKnownFileType = sourcecode.swift; path = "UIButton.Configuration+Extensions.swift"; sourceTree = "<group>"; };
		3798D68028BAB7E000887BC6 /* HomeCoordinator.swift */ = {isa = PBXFileReference; lastKnownFileType = sourcecode.swift; path = HomeCoordinator.swift; sourceTree = "<group>"; };
		3798D68128BAB7E000887BC6 /* HomeViewController.swift */ = {isa = PBXFileReference; lastKnownFileType = sourcecode.swift; path = HomeViewController.swift; sourceTree = "<group>"; };
		3798D68228BAB7E000887BC6 /* HomeView.swift */ = {isa = PBXFileReference; lastKnownFileType = sourcecode.swift; path = HomeView.swift; sourceTree = "<group>"; };
		3798D68328BAB7E000887BC6 /* HomeViewModel.swift */ = {isa = PBXFileReference; lastKnownFileType = sourcecode.swift; path = HomeViewModel.swift; sourceTree = "<group>"; };
		379A1CC728B27E920090E451 /* UIColor+Extensions.swift */ = {isa = PBXFileReference; lastKnownFileType = sourcecode.swift; path = "UIColor+Extensions.swift"; sourceTree = "<group>"; };
		37A07ADE28D12694006295FB /* HomeCollectionView.swift */ = {isa = PBXFileReference; lastKnownFileType = sourcecode.swift; path = HomeCollectionView.swift; sourceTree = "<group>"; };
		37A12C6128C7812C00E12950 /* DefaultViewController.swift */ = {isa = PBXFileReference; lastKnownFileType = sourcecode.swift; path = DefaultViewController.swift; sourceTree = "<group>"; };
		37A9C7D428CFBE5E0036FE76 /* HomeView2.swift */ = {isa = PBXFileReference; lastKnownFileType = sourcecode.swift; path = HomeView2.swift; sourceTree = "<group>"; };
		37AEB5ED28BA6B8000987F56 /* UIButtonPreferences.swift */ = {isa = PBXFileReference; lastKnownFileType = sourcecode.swift; path = UIButtonPreferences.swift; sourceTree = "<group>"; };
		37B466CE28C3ECDF006C18D8 /* CheckoutCoordinator.swift */ = {isa = PBXFileReference; lastKnownFileType = sourcecode.swift; path = CheckoutCoordinator.swift; sourceTree = "<group>"; };
		37B466CF28C3ECDF006C18D8 /* CheckoutViewController.swift */ = {isa = PBXFileReference; lastKnownFileType = sourcecode.swift; path = CheckoutViewController.swift; sourceTree = "<group>"; };
		37B466D028C3ECDF006C18D8 /* CheckoutView.swift */ = {isa = PBXFileReference; lastKnownFileType = sourcecode.swift; path = CheckoutView.swift; sourceTree = "<group>"; };
		37B466D128C3ECDF006C18D8 /* CheckoutViewModel.swift */ = {isa = PBXFileReference; lastKnownFileType = sourcecode.swift; path = CheckoutViewModel.swift; sourceTree = "<group>"; };
		37B7C13528D8DFB7003ADDBC /* InfoGroupView.swift */ = {isa = PBXFileReference; lastKnownFileType = sourcecode.swift; path = InfoGroupView.swift; sourceTree = "<group>"; };
		37B7C13728D8E61B003ADDBC /* LabelValueView.swift */ = {isa = PBXFileReference; lastKnownFileType = sourcecode.swift; path = LabelValueView.swift; sourceTree = "<group>"; };
		37B9C30128B5492F00134380 /* PreferencesSellViewController.swift */ = {isa = PBXFileReference; lastKnownFileType = sourcecode.swift; path = PreferencesSellViewController.swift; sourceTree = "<group>"; };
		37B9C30328B54ABD00134380 /* PreferencesSellView.swift */ = {isa = PBXFileReference; lastKnownFileType = sourcecode.swift; path = PreferencesSellView.swift; sourceTree = "<group>"; };
		37B9C30528B54B4D00134380 /* PreferencesSellCoordinator.swift */ = {isa = PBXFileReference; lastKnownFileType = sourcecode.swift; path = PreferencesSellCoordinator.swift; sourceTree = "<group>"; };
		37B9C30728B54D7100134380 /* LoginCoordinator.swift */ = {isa = PBXFileReference; lastKnownFileType = sourcecode.swift; path = LoginCoordinator.swift; sourceTree = "<group>"; };
		37BF25DB28B1349E00E0066A /* LoginView.swift */ = {isa = PBXFileReference; lastKnownFileType = sourcecode.swift; name = LoginView.swift; path = Mart/LoginView.swift; sourceTree = SOURCE_ROOT; };
		37C3B37E28CF780500CFA1EE /* HomeCollectionCell.swift */ = {isa = PBXFileReference; lastKnownFileType = sourcecode.swift; path = HomeCollectionCell.swift; sourceTree = "<group>"; };
		37C3B38028CF7D3F00CFA1EE /* UIImageView+Extensions.swift */ = {isa = PBXFileReference; lastKnownFileType = sourcecode.swift; path = "UIImageView+Extensions.swift"; sourceTree = "<group>"; };
		37CE7FF028D91804009F04CC /* GrowButton.swift */ = {isa = PBXFileReference; lastKnownFileType = sourcecode.swift; path = GrowButton.swift; sourceTree = "<group>"; };
		37DDF2D228B286B5003205DE /* Nunito-SemiBold.ttf */ = {isa = PBXFileReference; lastKnownFileType = file; path = "Nunito-SemiBold.ttf"; sourceTree = "<group>"; };
		37DDF2D428B286D1003205DE /* Nunito-ExtraBold.ttf */ = {isa = PBXFileReference; lastKnownFileType = file; path = "Nunito-ExtraBold.ttf"; sourceTree = "<group>"; };
		37DDF2D628B28707003205DE /* Nunito-Medium.ttf */ = {isa = PBXFileReference; lastKnownFileType = file; path = "Nunito-Medium.ttf"; sourceTree = "<group>"; };
		37DDF2D828B28716003205DE /* Nunito-Regular.ttf */ = {isa = PBXFileReference; lastKnownFileType = file; path = "Nunito-Regular.ttf"; sourceTree = "<group>"; };
		37DDF2DA28B28750003205DE /* Nunito-Bold.ttf */ = {isa = PBXFileReference; lastKnownFileType = file; path = "Nunito-Bold.ttf"; sourceTree = "<group>"; };
		37DDF2DC28B287DF003205DE /* UIFont.swift */ = {isa = PBXFileReference; lastKnownFileType = sourcecode.swift; path = UIFont.swift; sourceTree = "<group>"; };
		37E1009928D8A7CA008E461F /* ProfileCoordinator.swift */ = {isa = PBXFileReference; lastKnownFileType = sourcecode.swift; path = ProfileCoordinator.swift; sourceTree = "<group>"; };
		37E1009A28D8A7CA008E461F /* ProfileViewController.swift */ = {isa = PBXFileReference; lastKnownFileType = sourcecode.swift; path = ProfileViewController.swift; sourceTree = "<group>"; };
		37E1009B28D8A7CA008E461F /* ProfileView.swift */ = {isa = PBXFileReference; lastKnownFileType = sourcecode.swift; path = ProfileView.swift; sourceTree = "<group>"; };
		37E1009C28D8A7CA008E461F /* ProfileViewModel.swift */ = {isa = PBXFileReference; lastKnownFileType = sourcecode.swift; path = ProfileViewModel.swift; sourceTree = "<group>"; };
		37E100A128D8A7D9008E461F /* EditProfileCoordinator.swift */ = {isa = PBXFileReference; lastKnownFileType = sourcecode.swift; path = EditProfileCoordinator.swift; sourceTree = "<group>"; };
		37E100A228D8A7D9008E461F /* EditProfileViewController.swift */ = {isa = PBXFileReference; lastKnownFileType = sourcecode.swift; path = EditProfileViewController.swift; sourceTree = "<group>"; };
		37E100A328D8A7D9008E461F /* EditProfileView.swift */ = {isa = PBXFileReference; lastKnownFileType = sourcecode.swift; path = EditProfileView.swift; sourceTree = "<group>"; };
		37E100A428D8A7D9008E461F /* EditProfileViewModel.swift */ = {isa = PBXFileReference; lastKnownFileType = sourcecode.swift; path = EditProfileViewModel.swift; sourceTree = "<group>"; };
		37EB507C28B11CD100185E83 /* Mart.app */ = {isa = PBXFileReference; explicitFileType = wrapper.application; includeInIndex = 0; path = Mart.app; sourceTree = BUILT_PRODUCTS_DIR; };
		37EB507F28B11CD100185E83 /* AppDelegate.swift */ = {isa = PBXFileReference; lastKnownFileType = sourcecode.swift; path = AppDelegate.swift; sourceTree = "<group>"; };
		37EB508128B11CD100185E83 /* SceneDelegate.swift */ = {isa = PBXFileReference; lastKnownFileType = sourcecode.swift; path = SceneDelegate.swift; sourceTree = "<group>"; };
		37EB508328B11CD100185E83 /* LoginViewController.swift */ = {isa = PBXFileReference; lastKnownFileType = sourcecode.swift; path = LoginViewController.swift; sourceTree = "<group>"; };
		37EB508828B11CD100185E83 /* Assets.xcassets */ = {isa = PBXFileReference; lastKnownFileType = folder.assetcatalog; path = Assets.xcassets; sourceTree = "<group>"; };
		37EB508B28B11CD100185E83 /* Base */ = {isa = PBXFileReference; lastKnownFileType = file.storyboard; name = Base; path = Base.lproj/LaunchScreen.storyboard; sourceTree = "<group>"; };
		37EB508D28B11CD100185E83 /* Info.plist */ = {isa = PBXFileReference; lastKnownFileType = text.plist.xml; path = Info.plist; sourceTree = "<group>"; };
		37F0D7DF28C66A860018694A /* TableFooterView.swift */ = {isa = PBXFileReference; lastKnownFileType = sourcecode.swift; path = TableFooterView.swift; sourceTree = "<group>"; };
		37F0D7E228C66BBF0018694A /* CheckoutTableViewCell.swift */ = {isa = PBXFileReference; lastKnownFileType = sourcecode.swift; path = CheckoutTableViewCell.swift; sourceTree = "<group>"; };
		CB6F7802D0AFBB50CE1E8DFA /* Pods-Mart.release.xcconfig */ = {isa = PBXFileReference; includeInIndex = 1; lastKnownFileType = text.xcconfig; name = "Pods-Mart.release.xcconfig"; path = "Target Support Files/Pods-Mart/Pods-Mart.release.xcconfig"; sourceTree = "<group>"; };
		E3695AB8500D66CBC9C6AF9B /* Pods-Mart.debug.xcconfig */ = {isa = PBXFileReference; includeInIndex = 1; lastKnownFileType = text.xcconfig; name = "Pods-Mart.debug.xcconfig"; path = "Target Support Files/Pods-Mart/Pods-Mart.debug.xcconfig"; sourceTree = "<group>"; };
		F13348DAD6A8766C103AED09 /* Pods_Mart.framework */ = {isa = PBXFileReference; explicitFileType = wrapper.framework; includeInIndex = 0; path = Pods_Mart.framework; sourceTree = BUILT_PRODUCTS_DIR; };
/* End PBXFileReference section */

/* Begin PBXFrameworksBuildPhase section */
		37EB507928B11CD100185E83 /* Frameworks */ = {
			isa = PBXFrameworksBuildPhase;
			buildActionMask = 2147483647;
			files = (
				01626404319BE44FEDB4680C /* Pods_Mart.framework in Frameworks */,
			);
			runOnlyForDeploymentPostprocessing = 0;
		};
/* End PBXFrameworksBuildPhase section */

/* Begin PBXGroup section */
		1E110A858558004C1451B45C /* Pods */ = {
			isa = PBXGroup;
			children = (
				E3695AB8500D66CBC9C6AF9B /* Pods-Mart.debug.xcconfig */,
				CB6F7802D0AFBB50CE1E8DFA /* Pods-Mart.release.xcconfig */,
			);
			path = Pods;
			sourceTree = "<group>";
		};
		37852F4F28CCE1DD00DD2425 /* Commons */ = {
			isa = PBXGroup;
			children = (
				37852F5028CCE1EE00DD2425 /* SearchBar.swift */,
				37852F5228CCE24A00DD2425 /* SegmentedBar.swift */,
				37A07ADE28D12694006295FB /* HomeCollectionView.swift */,
			);
			name = Commons;
			sourceTree = "<group>";
		};
		3798D67D28BAA44900887BC6 /* PreferencesBuy */ = {
			isa = PBXGroup;
			children = (
			);
			name = PreferencesBuy;
			sourceTree = "<group>";
		};
		3798D67E28BAB7C100887BC6 /* Home */ = {
			isa = PBXGroup;
			children = (
				37C3B37D28CF77D900CFA1EE /* Cells */,
				37852F4F28CCE1DD00DD2425 /* Commons */,
				3798D68028BAB7E000887BC6 /* HomeCoordinator.swift */,
				3798D68128BAB7E000887BC6 /* HomeViewController.swift */,
				3798D68228BAB7E000887BC6 /* HomeView.swift */,
				3798D68328BAB7E000887BC6 /* HomeViewModel.swift */,
				37A9C7D428CFBE5E0036FE76 /* HomeView2.swift */,
			);
			name = Home;
			sourceTree = "<group>";
		};
		379A1CC928B27F880090E451 /* Login */ = {
			isa = PBXGroup;
			children = (
				37EB508328B11CD100185E83 /* LoginViewController.swift */,
				37BF25DB28B1349E00E0066A /* LoginView.swift */,
				37B9C30728B54D7100134380 /* LoginCoordinator.swift */,
			);
			name = Login;
			sourceTree = "<group>";
		};
		379A1CCA28B282B30090E451 /* Fonts */ = {
			isa = PBXGroup;
			children = (
				37DDF2D228B286B5003205DE /* Nunito-SemiBold.ttf */,
				37DDF2D428B286D1003205DE /* Nunito-ExtraBold.ttf */,
				37DDF2D628B28707003205DE /* Nunito-Medium.ttf */,
				37DDF2D828B28716003205DE /* Nunito-Regular.ttf */,
				37DDF2DA28B28750003205DE /* Nunito-Bold.ttf */,
			);
			path = Fonts;
			sourceTree = "<group>";
		};
		37AEB5EC28BA6B6200987F56 /* Components */ = {
			isa = PBXGroup;
			children = (
				37A12C6128C7812C00E12950 /* DefaultViewController.swift */,
				37AEB5ED28BA6B8000987F56 /* UIButtonPreferences.swift */,
				373754F428C3F02B0060EF13 /* LineNavigationView.swift */,
				37B7C13528D8DFB7003ADDBC /* InfoGroupView.swift */,
				37B7C13728D8E61B003ADDBC /* LabelValueView.swift */,
				37CE7FF028D91804009F04CC /* GrowButton.swift */,
			);
			name = Components;
			sourceTree = "<group>";
		};
		37B0700928C6B2B7004490B3 /* Model */ = {
			isa = PBXGroup;
			children = (
				378DC46028C6888800461CBD /* ProductModel.swift */,
			);
			path = Model;
			sourceTree = "<group>";
		};
		37B466CD28C3ECB7006C18D8 /* Checkout */ = {
			isa = PBXGroup;
			children = (
				37F0D7E128C66B940018694A /* Cells */,
				37F0D7DE28C66A740018694A /* Commons */,
				37B466CE28C3ECDF006C18D8 /* CheckoutCoordinator.swift */,
				37B466CF28C3ECDF006C18D8 /* CheckoutViewController.swift */,
				37B466D028C3ECDF006C18D8 /* CheckoutView.swift */,
				37B466D128C3ECDF006C18D8 /* CheckoutViewModel.swift */,
			);
			name = Checkout;
			sourceTree = "<group>";
		};
		37B9C30028B548AE00134380 /* PreferencesSell */ = {
			isa = PBXGroup;
			children = (
				37B9C30128B5492F00134380 /* PreferencesSellViewController.swift */,
				37B9C30328B54ABD00134380 /* PreferencesSellView.swift */,
				37B9C30528B54B4D00134380 /* PreferencesSellCoordinator.swift */,
			);
			name = PreferencesSell;
			sourceTree = "<group>";
		};
		37BF25DA28B1339C00E0066A /* SuportedFiles */ = {
			isa = PBXGroup;
			children = (
				37EB507F28B11CD100185E83 /* AppDelegate.swift */,
				37EB508128B11CD100185E83 /* SceneDelegate.swift */,
			);
			path = SuportedFiles;
			sourceTree = "<group>";
		};
		37BF25DD28B1356E00E0066A /* Views */ = {
			isa = PBXGroup;
			children = (
				37E1009828D8A7A8008E461F /* EditProfile */,
				37E1009728D8A79F008E461F /* Profile */,
				37B466CD28C3ECB7006C18D8 /* Checkout */,
				3798D67E28BAB7C100887BC6 /* Home */,
				3798D67D28BAA44900887BC6 /* PreferencesBuy */,
				37AEB5EC28BA6B6200987F56 /* Components */,
				379A1CC928B27F880090E451 /* Login */,
				37B9C30028B548AE00134380 /* PreferencesSell */,
			);
			name = Views;
			sourceTree = "<group>";
		};
		37BF25DE28B1358000E0066A /* Utils */ = {
			isa = PBXGroup;
			children = (
				378FE4D228B125A50058B5F2 /* UIStackView+Extensions.swift */,
				378FE4D028B1257B0058B5F2 /* UIView+Extensions.swift */,
				378FE4CE28B123D20058B5F2 /* ViewCodable.swift */,
				379A1CC728B27E920090E451 /* UIColor+Extensions.swift */,
				37DDF2DC28B287DF003205DE /* UIFont.swift */,
				37939A7628C6839D0077CF88 /* UIButton.Configuration+Extensions.swift */,
				37852F5428CCE6AE00DD2425 /* UIImage+Extensions.swift */,
				37C3B38028CF7D3F00CFA1EE /* UIImageView+Extensions.swift */,
			);
			path = Utils;
			sourceTree = "<group>";
		};
		37C3B37D28CF77D900CFA1EE /* Cells */ = {
			isa = PBXGroup;
			children = (
				37C3B37E28CF780500CFA1EE /* HomeCollectionCell.swift */,
			);
			path = Cells;
			sourceTree = "<group>";
		};
		37E1009728D8A79F008E461F /* Profile */ = {
			isa = PBXGroup;
			children = (
				37E1009928D8A7CA008E461F /* ProfileCoordinator.swift */,
				37E1009A28D8A7CA008E461F /* ProfileViewController.swift */,
				37E1009B28D8A7CA008E461F /* ProfileView.swift */,
				37E1009C28D8A7CA008E461F /* ProfileViewModel.swift */,
			);
			name = Profile;
			sourceTree = "<group>";
		};
		37E1009828D8A7A8008E461F /* EditProfile */ = {
			isa = PBXGroup;
			children = (
				37E100A128D8A7D9008E461F /* EditProfileCoordinator.swift */,
				37E100A228D8A7D9008E461F /* EditProfileViewController.swift */,
				37E100A328D8A7D9008E461F /* EditProfileView.swift */,
				37E100A428D8A7D9008E461F /* EditProfileViewModel.swift */,
			);
			name = EditProfile;
			sourceTree = "<group>";
		};
		37EB507328B11CD100185E83 = {
			isa = PBXGroup;
			children = (
				37EB507E28B11CD100185E83 /* Mart */,
				37EB507D28B11CD100185E83 /* Products */,
				1E110A858558004C1451B45C /* Pods */,
				4AB03613692056891416824C /* Frameworks */,
			);
			sourceTree = "<group>";
		};
		37EB507D28B11CD100185E83 /* Products */ = {
			isa = PBXGroup;
			children = (
				37EB507C28B11CD100185E83 /* Mart.app */,
			);
			name = Products;
			sourceTree = "<group>";
		};
		37EB507E28B11CD100185E83 /* Mart */ = {
			isa = PBXGroup;
			children = (
				37B0700928C6B2B7004490B3 /* Model */,
				37BF25DA28B1339C00E0066A /* SuportedFiles */,
				379A1CCA28B282B30090E451 /* Fonts */,
				37BF25DE28B1358000E0066A /* Utils */,
				37BF25DD28B1356E00E0066A /* Views */,
				37EB508828B11CD100185E83 /* Assets.xcassets */,
				37EB508A28B11CD100185E83 /* LaunchScreen.storyboard */,
				37EB508D28B11CD100185E83 /* Info.plist */,
			);
			path = Mart;
			sourceTree = "<group>";
		};
		37F0D7DE28C66A740018694A /* Commons */ = {
			isa = PBXGroup;
			children = (
				37F0D7DF28C66A860018694A /* TableFooterView.swift */,
			);
			name = Commons;
			sourceTree = "<group>";
		};
		37F0D7E128C66B940018694A /* Cells */ = {
			isa = PBXGroup;
			children = (
				37F0D7E228C66BBF0018694A /* CheckoutTableViewCell.swift */,
			);
			name = Cells;
			sourceTree = "<group>";
		};
		4AB03613692056891416824C /* Frameworks */ = {
			isa = PBXGroup;
			children = (
				F13348DAD6A8766C103AED09 /* Pods_Mart.framework */,
			);
			name = Frameworks;
			sourceTree = "<group>";
		};
/* End PBXGroup section */

/* Begin PBXNativeTarget section */
		37EB507B28B11CD100185E83 /* Mart */ = {
			isa = PBXNativeTarget;
			buildConfigurationList = 37EB509028B11CD100185E83 /* Build configuration list for PBXNativeTarget "Mart" */;
			buildPhases = (
				4A94EAD85FDD3B7971D99572 /* [CP] Check Pods Manifest.lock */,
				37EB507828B11CD100185E83 /* Sources */,
				37EB507928B11CD100185E83 /* Frameworks */,
				37EB507A28B11CD100185E83 /* Resources */,
				37EB509428B11E1400185E83 /* SwiftLint */,
			);
			buildRules = (
			);
			dependencies = (
			);
			name = Mart;
			productName = Mart;
			productReference = 37EB507C28B11CD100185E83 /* Mart.app */;
			productType = "com.apple.product-type.application";
		};
/* End PBXNativeTarget section */

/* Begin PBXProject section */
		37EB507428B11CD100185E83 /* Project object */ = {
			isa = PBXProject;
			attributes = {
				BuildIndependentTargetsInParallel = 1;
				LastSwiftUpdateCheck = 1340;
				LastUpgradeCheck = 1340;
				TargetAttributes = {
					37EB507B28B11CD100185E83 = {
						CreatedOnToolsVersion = 13.4.1;
					};
				};
			};
			buildConfigurationList = 37EB507728B11CD100185E83 /* Build configuration list for PBXProject "Mart" */;
			compatibilityVersion = "Xcode 13.0";
			developmentRegion = en;
			hasScannedForEncodings = 0;
			knownRegions = (
				en,
				Base,
			);
			mainGroup = 37EB507328B11CD100185E83;
			productRefGroup = 37EB507D28B11CD100185E83 /* Products */;
			projectDirPath = "";
			projectRoot = "";
			targets = (
				37EB507B28B11CD100185E83 /* Mart */,
			);
		};
/* End PBXProject section */

/* Begin PBXResourcesBuildPhase section */
		37EB507A28B11CD100185E83 /* Resources */ = {
			isa = PBXResourcesBuildPhase;
			buildActionMask = 2147483647;
			files = (
				37DDF2DB28B28750003205DE /* Nunito-Bold.ttf in Resources */,
				37DDF2D928B28716003205DE /* Nunito-Regular.ttf in Resources */,
				37DDF2D328B286B5003205DE /* Nunito-SemiBold.ttf in Resources */,
				37EB508C28B11CD100185E83 /* LaunchScreen.storyboard in Resources */,
				37EB508928B11CD100185E83 /* Assets.xcassets in Resources */,
				37DDF2D528B286D1003205DE /* Nunito-ExtraBold.ttf in Resources */,
				37DDF2D728B28707003205DE /* Nunito-Medium.ttf in Resources */,
			);
			runOnlyForDeploymentPostprocessing = 0;
		};
/* End PBXResourcesBuildPhase section */

/* Begin PBXShellScriptBuildPhase section */
		37EB509428B11E1400185E83 /* SwiftLint */ = {
			isa = PBXShellScriptBuildPhase;
			buildActionMask = 2147483647;
			files = (
			);
			inputFileListPaths = (
			);
			inputPaths = (
			);
			name = SwiftLint;
			outputFileListPaths = (
			);
			outputPaths = (
			);
			runOnlyForDeploymentPostprocessing = 0;
			shellPath = /bin/sh;
			shellScript = "# Type a script or drag a script file from your workspace to insert its path.\n#\"${PODS_ROOT}/SwiftLint/swiftlint\"\n";
		};
		4A94EAD85FDD3B7971D99572 /* [CP] Check Pods Manifest.lock */ = {
			isa = PBXShellScriptBuildPhase;
			buildActionMask = 2147483647;
			files = (
			);
			inputFileListPaths = (
			);
			inputPaths = (
				"${PODS_PODFILE_DIR_PATH}/Podfile.lock",
				"${PODS_ROOT}/Manifest.lock",
			);
			name = "[CP] Check Pods Manifest.lock";
			outputFileListPaths = (
			);
			outputPaths = (
				"$(DERIVED_FILE_DIR)/Pods-Mart-checkManifestLockResult.txt",
			);
			runOnlyForDeploymentPostprocessing = 0;
			shellPath = /bin/sh;
			shellScript = "diff \"${PODS_PODFILE_DIR_PATH}/Podfile.lock\" \"${PODS_ROOT}/Manifest.lock\" > /dev/null\nif [ $? != 0 ] ; then\n    # print error to STDERR\n    echo \"error: The sandbox is not in sync with the Podfile.lock. Run 'pod install' or update your CocoaPods installation.\" >&2\n    exit 1\nfi\n# This output is used by Xcode 'outputs' to avoid re-running this script phase.\necho \"SUCCESS\" > \"${SCRIPT_OUTPUT_FILE_0}\"\n";
			showEnvVarsInLog = 0;
		};
/* End PBXShellScriptBuildPhase section */

/* Begin PBXSourcesBuildPhase section */
		37EB507828B11CD100185E83 /* Sources */ = {
			isa = PBXSourcesBuildPhase;
			buildActionMask = 2147483647;
			files = (
				37E100A728D8A7D9008E461F /* EditProfileView.swift in Sources */,
				378DC46128C6888800461CBD /* ProductModel.swift in Sources */,
				37EB508428B11CD100185E83 /* LoginViewController.swift in Sources */,
				37E100A528D8A7D9008E461F /* EditProfileCoordinator.swift in Sources */,
				37A9C7D828CFBE5F0036FE76 /* HomeView2.swift in Sources */,
				3798D68728BAB7E000887BC6 /* HomeViewModel.swift in Sources */,
				37BF25DC28B1349E00E0066A /* LoginView.swift in Sources */,
				3798D68428BAB7E000887BC6 /* HomeCoordinator.swift in Sources */,
				378FE4CF28B123D20058B5F2 /* ViewCodable.swift in Sources */,
				379A1CC828B27E920090E451 /* UIColor+Extensions.swift in Sources */,
				3798D68628BAB7E000887BC6 /* HomeView.swift in Sources */,
				37C3B37F28CF780500CFA1EE /* HomeCollectionCell.swift in Sources */,
				37B466D228C3ECDF006C18D8 /* CheckoutCoordinator.swift in Sources */,
				37B466D328C3ECDF006C18D8 /* CheckoutViewController.swift in Sources */,
				37B9C30828B54D7100134380 /* LoginCoordinator.swift in Sources */,
				37B7C13628D8DFB7003ADDBC /* InfoGroupView.swift in Sources */,
				37E100A628D8A7D9008E461F /* EditProfileViewController.swift in Sources */,
				378FE4D128B1257B0058B5F2 /* UIView+Extensions.swift in Sources */,
				37A07ADF28D12694006295FB /* HomeCollectionView.swift in Sources */,
				37852F5328CCE24A00DD2425 /* SegmentedBar.swift in Sources */,
				37E1009F28D8A7CA008E461F /* ProfileView.swift in Sources */,
				37E1009D28D8A7CA008E461F /* ProfileCoordinator.swift in Sources */,
				37B9C30228B5492F00134380 /* PreferencesSellViewController.swift in Sources */,
				378FE4D328B125A50058B5F2 /* UIStackView+Extensions.swift in Sources */,
				37B9C30428B54ABD00134380 /* PreferencesSellView.swift in Sources */,
				37EB508028B11CD100185E83 /* AppDelegate.swift in Sources */,
				373754F528C3F02B0060EF13 /* LineNavigationView.swift in Sources */,
				3798D68528BAB7E000887BC6 /* HomeViewController.swift in Sources */,
				37852F5128CCE1EE00DD2425 /* SearchBar.swift in Sources */,
				37A12C6228C7812C00E12950 /* DefaultViewController.swift in Sources */,
				37939A7728C6839E0077CF88 /* UIButton.Configuration+Extensions.swift in Sources */,
				37B9C30628B54B4D00134380 /* PreferencesSellCoordinator.swift in Sources */,
				37E100A828D8A7D9008E461F /* EditProfileViewModel.swift in Sources */,
				37C3B38128CF7D4000CFA1EE /* UIImageView+Extensions.swift in Sources */,
				37F0D7E028C66A860018694A /* TableFooterView.swift in Sources */,
				37B7C13828D8E61B003ADDBC /* LabelValueView.swift in Sources */,
				37852F5528CCE6AE00DD2425 /* UIImage+Extensions.swift in Sources */,
				37B466D428C3ECDF006C18D8 /* CheckoutView.swift in Sources */,
				37B466D528C3ECDF006C18D8 /* CheckoutViewModel.swift in Sources */,
				37EB508228B11CD100185E83 /* SceneDelegate.swift in Sources */,
				37CE7FF128D91804009F04CC /* GrowButton.swift in Sources */,
				37AEB5EE28BA6B8000987F56 /* UIButtonPreferences.swift in Sources */,
				37E1009E28D8A7CA008E461F /* ProfileViewController.swift in Sources */,
				37E100A028D8A7CA008E461F /* ProfileViewModel.swift in Sources */,
				37F0D7E328C66BBF0018694A /* CheckoutTableViewCell.swift in Sources */,
				37DDF2DD28B287DF003205DE /* UIFont.swift in Sources */,
			);
			runOnlyForDeploymentPostprocessing = 0;
		};
/* End PBXSourcesBuildPhase section */

/* Begin PBXVariantGroup section */
		37EB508A28B11CD100185E83 /* LaunchScreen.storyboard */ = {
			isa = PBXVariantGroup;
			children = (
				37EB508B28B11CD100185E83 /* Base */,
			);
			name = LaunchScreen.storyboard;
			sourceTree = "<group>";
		};
/* End PBXVariantGroup section */

/* Begin XCBuildConfiguration section */
		37EB508E28B11CD100185E83 /* Debug */ = {
			isa = XCBuildConfiguration;
			buildSettings = {
				ALWAYS_SEARCH_USER_PATHS = NO;
				CLANG_ANALYZER_NONNULL = YES;
				CLANG_ANALYZER_NUMBER_OBJECT_CONVERSION = YES_AGGRESSIVE;
				CLANG_CXX_LANGUAGE_STANDARD = "gnu++17";
				CLANG_ENABLE_MODULES = YES;
				CLANG_ENABLE_OBJC_ARC = YES;
				CLANG_ENABLE_OBJC_WEAK = YES;
				CLANG_WARN_BLOCK_CAPTURE_AUTORELEASING = YES;
				CLANG_WARN_BOOL_CONVERSION = YES;
				CLANG_WARN_COMMA = YES;
				CLANG_WARN_CONSTANT_CONVERSION = YES;
				CLANG_WARN_DEPRECATED_OBJC_IMPLEMENTATIONS = YES;
				CLANG_WARN_DIRECT_OBJC_ISA_USAGE = YES_ERROR;
				CLANG_WARN_DOCUMENTATION_COMMENTS = YES;
				CLANG_WARN_EMPTY_BODY = YES;
				CLANG_WARN_ENUM_CONVERSION = YES;
				CLANG_WARN_INFINITE_RECURSION = YES;
				CLANG_WARN_INT_CONVERSION = YES;
				CLANG_WARN_NON_LITERAL_NULL_CONVERSION = YES;
				CLANG_WARN_OBJC_IMPLICIT_RETAIN_SELF = YES;
				CLANG_WARN_OBJC_LITERAL_CONVERSION = YES;
				CLANG_WARN_OBJC_ROOT_CLASS = YES_ERROR;
				CLANG_WARN_QUOTED_INCLUDE_IN_FRAMEWORK_HEADER = YES;
				CLANG_WARN_RANGE_LOOP_ANALYSIS = YES;
				CLANG_WARN_STRICT_PROTOTYPES = YES;
				CLANG_WARN_SUSPICIOUS_MOVE = YES;
				CLANG_WARN_UNGUARDED_AVAILABILITY = YES_AGGRESSIVE;
				CLANG_WARN_UNREACHABLE_CODE = YES;
				CLANG_WARN__DUPLICATE_METHOD_MATCH = YES;
				COPY_PHASE_STRIP = NO;
				DEBUG_INFORMATION_FORMAT = dwarf;
				ENABLE_STRICT_OBJC_MSGSEND = YES;
				ENABLE_TESTABILITY = YES;
				GCC_C_LANGUAGE_STANDARD = gnu11;
				GCC_DYNAMIC_NO_PIC = NO;
				GCC_NO_COMMON_BLOCKS = YES;
				GCC_OPTIMIZATION_LEVEL = 0;
				GCC_PREPROCESSOR_DEFINITIONS = (
					"DEBUG=1",
					"$(inherited)",
				);
				GCC_WARN_64_TO_32_BIT_CONVERSION = YES;
				GCC_WARN_ABOUT_RETURN_TYPE = YES_ERROR;
				GCC_WARN_UNDECLARED_SELECTOR = YES;
				GCC_WARN_UNINITIALIZED_AUTOS = YES_AGGRESSIVE;
				GCC_WARN_UNUSED_FUNCTION = YES;
				GCC_WARN_UNUSED_VARIABLE = YES;
				IPHONEOS_DEPLOYMENT_TARGET = 15.5;
				MTL_ENABLE_DEBUG_INFO = INCLUDE_SOURCE;
				MTL_FAST_MATH = YES;
				ONLY_ACTIVE_ARCH = YES;
				SDKROOT = iphoneos;
				SWIFT_ACTIVE_COMPILATION_CONDITIONS = DEBUG;
				SWIFT_OPTIMIZATION_LEVEL = "-Onone";
			};
			name = Debug;
		};
		37EB508F28B11CD100185E83 /* Release */ = {
			isa = XCBuildConfiguration;
			buildSettings = {
				ALWAYS_SEARCH_USER_PATHS = NO;
				CLANG_ANALYZER_NONNULL = YES;
				CLANG_ANALYZER_NUMBER_OBJECT_CONVERSION = YES_AGGRESSIVE;
				CLANG_CXX_LANGUAGE_STANDARD = "gnu++17";
				CLANG_ENABLE_MODULES = YES;
				CLANG_ENABLE_OBJC_ARC = YES;
				CLANG_ENABLE_OBJC_WEAK = YES;
				CLANG_WARN_BLOCK_CAPTURE_AUTORELEASING = YES;
				CLANG_WARN_BOOL_CONVERSION = YES;
				CLANG_WARN_COMMA = YES;
				CLANG_WARN_CONSTANT_CONVERSION = YES;
				CLANG_WARN_DEPRECATED_OBJC_IMPLEMENTATIONS = YES;
				CLANG_WARN_DIRECT_OBJC_ISA_USAGE = YES_ERROR;
				CLANG_WARN_DOCUMENTATION_COMMENTS = YES;
				CLANG_WARN_EMPTY_BODY = YES;
				CLANG_WARN_ENUM_CONVERSION = YES;
				CLANG_WARN_INFINITE_RECURSION = YES;
				CLANG_WARN_INT_CONVERSION = YES;
				CLANG_WARN_NON_LITERAL_NULL_CONVERSION = YES;
				CLANG_WARN_OBJC_IMPLICIT_RETAIN_SELF = YES;
				CLANG_WARN_OBJC_LITERAL_CONVERSION = YES;
				CLANG_WARN_OBJC_ROOT_CLASS = YES_ERROR;
				CLANG_WARN_QUOTED_INCLUDE_IN_FRAMEWORK_HEADER = YES;
				CLANG_WARN_RANGE_LOOP_ANALYSIS = YES;
				CLANG_WARN_STRICT_PROTOTYPES = YES;
				CLANG_WARN_SUSPICIOUS_MOVE = YES;
				CLANG_WARN_UNGUARDED_AVAILABILITY = YES_AGGRESSIVE;
				CLANG_WARN_UNREACHABLE_CODE = YES;
				CLANG_WARN__DUPLICATE_METHOD_MATCH = YES;
				COPY_PHASE_STRIP = NO;
				DEBUG_INFORMATION_FORMAT = "dwarf-with-dsym";
				ENABLE_NS_ASSERTIONS = NO;
				ENABLE_STRICT_OBJC_MSGSEND = YES;
				GCC_C_LANGUAGE_STANDARD = gnu11;
				GCC_NO_COMMON_BLOCKS = YES;
				GCC_WARN_64_TO_32_BIT_CONVERSION = YES;
				GCC_WARN_ABOUT_RETURN_TYPE = YES_ERROR;
				GCC_WARN_UNDECLARED_SELECTOR = YES;
				GCC_WARN_UNINITIALIZED_AUTOS = YES_AGGRESSIVE;
				GCC_WARN_UNUSED_FUNCTION = YES;
				GCC_WARN_UNUSED_VARIABLE = YES;
				IPHONEOS_DEPLOYMENT_TARGET = 15.5;
				MTL_ENABLE_DEBUG_INFO = NO;
				MTL_FAST_MATH = YES;
				SDKROOT = iphoneos;
				SWIFT_COMPILATION_MODE = wholemodule;
				SWIFT_OPTIMIZATION_LEVEL = "-O";
				VALIDATE_PRODUCT = YES;
			};
			name = Release;
		};
		37EB509128B11CD100185E83 /* Debug */ = {
			isa = XCBuildConfiguration;
			baseConfigurationReference = E3695AB8500D66CBC9C6AF9B /* Pods-Mart.debug.xcconfig */;
			buildSettings = {
				ASSETCATALOG_COMPILER_APPICON_NAME = AppIcon;
				ASSETCATALOG_COMPILER_GLOBAL_ACCENT_COLOR_NAME = AccentColor;
				CODE_SIGN_STYLE = Automatic;
				CURRENT_PROJECT_VERSION = 1;
				GENERATE_INFOPLIST_FILE = YES;
				INFOPLIST_FILE = Mart/Info.plist;
				INFOPLIST_KEY_UIApplicationSupportsIndirectInputEvents = YES;
				INFOPLIST_KEY_UILaunchStoryboardName = LaunchScreen;
				INFOPLIST_KEY_UISupportedInterfaceOrientations_iPad = "UIInterfaceOrientationPortrait UIInterfaceOrientationPortraitUpsideDown UIInterfaceOrientationLandscapeLeft UIInterfaceOrientationLandscapeRight";
				INFOPLIST_KEY_UISupportedInterfaceOrientations_iPhone = "UIInterfaceOrientationPortrait UIInterfaceOrientationLandscapeLeft UIInterfaceOrientationLandscapeRight";
				LD_RUNPATH_SEARCH_PATHS = (
					"$(inherited)",
					"@executable_path/Frameworks",
				);
				MARKETING_VERSION = 1.0;
				PRODUCT_BUNDLE_IDENTIFIER = mart.Mart;
				PRODUCT_NAME = "$(TARGET_NAME)";
				SWIFT_EMIT_LOC_STRINGS = YES;
				SWIFT_VERSION = 5.0;
				TARGETED_DEVICE_FAMILY = 1;
			};
			name = Debug;
		};
		37EB509228B11CD100185E83 /* Release */ = {
			isa = XCBuildConfiguration;
			baseConfigurationReference = CB6F7802D0AFBB50CE1E8DFA /* Pods-Mart.release.xcconfig */;
			buildSettings = {
				ASSETCATALOG_COMPILER_APPICON_NAME = AppIcon;
				ASSETCATALOG_COMPILER_GLOBAL_ACCENT_COLOR_NAME = AccentColor;
				CODE_SIGN_STYLE = Automatic;
				CURRENT_PROJECT_VERSION = 1;
				GENERATE_INFOPLIST_FILE = YES;
				INFOPLIST_FILE = Mart/Info.plist;
				INFOPLIST_KEY_UIApplicationSupportsIndirectInputEvents = YES;
				INFOPLIST_KEY_UILaunchStoryboardName = LaunchScreen;
				INFOPLIST_KEY_UISupportedInterfaceOrientations_iPad = "UIInterfaceOrientationPortrait UIInterfaceOrientationPortraitUpsideDown UIInterfaceOrientationLandscapeLeft UIInterfaceOrientationLandscapeRight";
				INFOPLIST_KEY_UISupportedInterfaceOrientations_iPhone = "UIInterfaceOrientationPortrait UIInterfaceOrientationLandscapeLeft UIInterfaceOrientationLandscapeRight";
				LD_RUNPATH_SEARCH_PATHS = (
					"$(inherited)",
					"@executable_path/Frameworks",
				);
				MARKETING_VERSION = 1.0;
				PRODUCT_BUNDLE_IDENTIFIER = mart.Mart;
				PRODUCT_NAME = "$(TARGET_NAME)";
				SWIFT_EMIT_LOC_STRINGS = YES;
				SWIFT_VERSION = 5.0;
				TARGETED_DEVICE_FAMILY = 1;
			};
			name = Release;
		};
/* End XCBuildConfiguration section */

/* Begin XCConfigurationList section */
		37EB507728B11CD100185E83 /* Build configuration list for PBXProject "Mart" */ = {
			isa = XCConfigurationList;
			buildConfigurations = (
				37EB508E28B11CD100185E83 /* Debug */,
				37EB508F28B11CD100185E83 /* Release */,
			);
			defaultConfigurationIsVisible = 0;
			defaultConfigurationName = Release;
		};
		37EB509028B11CD100185E83 /* Build configuration list for PBXNativeTarget "Mart" */ = {
			isa = XCConfigurationList;
			buildConfigurations = (
				37EB509128B11CD100185E83 /* Debug */,
				37EB509228B11CD100185E83 /* Release */,
			);
			defaultConfigurationIsVisible = 0;
			defaultConfigurationName = Release;
		};
/* End XCConfigurationList section */
	};
	rootObject = 37EB507428B11CD100185E83 /* Project object */;
}
